// !$*UTF8*$!
{
	archiveVersion = 1;
	classes = {
	};
	objectVersion = 56;
	objects = {

/* Begin PBXBuildFile section */
		F113CF382BC0660400FDA7D8 /* ForgetPasswordScreen.swift in Sources */ = {isa = PBXBuildFile; fileRef = F113CF372BC0660400FDA7D8 /* ForgetPasswordScreen.swift */; };
		F115446A2BA9FD7500BE0C66 /* TabBarButton.swift in Sources */ = {isa = PBXBuildFile; fileRef = F11544692BA9FD7500BE0C66 /* TabBarButton.swift */; };
		F115446C2BA9FF3200BE0C66 /* CustomTabBar.swift in Sources */ = {isa = PBXBuildFile; fileRef = F115446B2BA9FF3200BE0C66 /* CustomTabBar.swift */; };
		F115446E2BAB51F500BE0C66 /* CustomTabsModel.swift in Sources */ = {isa = PBXBuildFile; fileRef = F115446D2BAB51F500BE0C66 /* CustomTabsModel.swift */; };
		F14E6C692BCAFD1000070885 /* CategoriesView.swift in Sources */ = {isa = PBXBuildFile; fileRef = F14E6C682BCAFD1000070885 /* CategoriesView.swift */; };
		F14E6C6B2BCB008000070885 /* CategoreisModel.swift in Sources */ = {isa = PBXBuildFile; fileRef = F14E6C6A2BCB008000070885 /* CategoreisModel.swift */; };
		F14E6C6D2BCB0E7500070885 /* AdressView.swift in Sources */ = {isa = PBXBuildFile; fileRef = F14E6C6C2BCB0E7500070885 /* AdressView.swift */; };
		F14E6C702BCB0ECC00070885 /* CustomSlider.swift in Sources */ = {isa = PBXBuildFile; fileRef = F14E6C6F2BCB0ECC00070885 /* CustomSlider.swift */; };
		F16A90122BDFDB740072698E /* ProfileModel.swift in Sources */ = {isa = PBXBuildFile; fileRef = F16A90112BDFDB740072698E /* ProfileModel.swift */; };
		F16A90142BDFDC420072698E /* RewardSystemManager.swift in Sources */ = {isa = PBXBuildFile; fileRef = F16A90132BDFDC420072698E /* RewardSystemManager.swift */; };
		F16A90172BDFE62D0072698E /* AlertKit in Frameworks */ = {isa = PBXBuildFile; productRef = F16A90162BDFE62D0072698E /* AlertKit */; };
		F16A90192BE016EF0072698E /* RequestPickUpManager.swift in Sources */ = {isa = PBXBuildFile; fileRef = F16A90182BE016EF0072698E /* RequestPickUpManager.swift */; };
		F16A90202BE020630072698E /* BottomSheet.swift in Sources */ = {isa = PBXBuildFile; fileRef = F16A901F2BE020630072698E /* BottomSheet.swift */; };
		F16EB2E02BB34B8C00D3251F /* FirebaseConstants.swift in Sources */ = {isa = PBXBuildFile; fileRef = F16EB2DF2BB34B8C00D3251F /* FirebaseConstants.swift */; };
		F16EB2E22BB3514000D3251F /* LocalizeConstants.swift in Sources */ = {isa = PBXBuildFile; fileRef = F16EB2E12BB3514000D3251F /* LocalizeConstants.swift */; };
		F17948FA2BB64694006C0F43 /* FeedsModel.swift in Sources */ = {isa = PBXBuildFile; fileRef = F17948F92BB64694006C0F43 /* FeedsModel.swift */; };
		F17DD4AB2BB47A6B00CF7871 /* CustomNavigationBar.swift in Sources */ = {isa = PBXBuildFile; fileRef = F17DD4AA2BB47A6B00CF7871 /* CustomNavigationBar.swift */; };
		F17DD4AD2BB4810F00CF7871 /* RewardsModel.swift in Sources */ = {isa = PBXBuildFile; fileRef = F17DD4AC2BB4810F00CF7871 /* RewardsModel.swift */; };
		F17DD4AF2BB4832C00CF7871 /* RecycleInfoModel.swift in Sources */ = {isa = PBXBuildFile; fileRef = F17DD4AE2BB4832C00CF7871 /* RecycleInfoModel.swift */; };
		F17DD4B22BB483EC00CF7871 /* RecycleInfoCardView.swift in Sources */ = {isa = PBXBuildFile; fileRef = F17DD4B12BB483EC00CF7871 /* RecycleInfoCardView.swift */; };
		F17DD4B42BB48DC800CF7871 /* RecycleInfoView.swift in Sources */ = {isa = PBXBuildFile; fileRef = F17DD4B32BB48DC800CF7871 /* RecycleInfoView.swift */; };
		F17DD4B72BB4945600CF7871 /* CustomAlertCardView.swift in Sources */ = {isa = PBXBuildFile; fileRef = F17DD4B62BB4945500CF7871 /* CustomAlertCardView.swift */; };
		F17DD4B92BB4ADCC00CF7871 /* FirebaseAnalytics in Frameworks */ = {isa = PBXBuildFile; productRef = F17DD4B82BB4ADCC00CF7871 /* FirebaseAnalytics */; };
		F17DD4BB2BB4ADCC00CF7871 /* FirebaseAnalyticsOnDeviceConversion in Frameworks */ = {isa = PBXBuildFile; productRef = F17DD4BA2BB4ADCC00CF7871 /* FirebaseAnalyticsOnDeviceConversion */; };
		F17DD4BD2BB4ADCC00CF7871 /* FirebaseAnalyticsSwift in Frameworks */ = {isa = PBXBuildFile; productRef = F17DD4BC2BB4ADCC00CF7871 /* FirebaseAnalyticsSwift */; };
		F17DD4BF2BB4ADCC00CF7871 /* FirebaseAnalyticsWithoutAdIdSupport in Frameworks */ = {isa = PBXBuildFile; productRef = F17DD4BE2BB4ADCC00CF7871 /* FirebaseAnalyticsWithoutAdIdSupport */; };
		F17DD4C12BB4ADCC00CF7871 /* FirebaseAppCheck in Frameworks */ = {isa = PBXBuildFile; productRef = F17DD4C02BB4ADCC00CF7871 /* FirebaseAppCheck */; };
		F17DD4C32BB4ADCC00CF7871 /* FirebaseAppDistribution-Beta in Frameworks */ = {isa = PBXBuildFile; productRef = F17DD4C22BB4ADCC00CF7871 /* FirebaseAppDistribution-Beta */; };
		F17DD4C52BB4ADCC00CF7871 /* FirebaseAuth in Frameworks */ = {isa = PBXBuildFile; productRef = F17DD4C42BB4ADCC00CF7871 /* FirebaseAuth */; };
		F17DD4C72BB4ADCC00CF7871 /* FirebaseAuthCombine-Community in Frameworks */ = {isa = PBXBuildFile; productRef = F17DD4C62BB4ADCC00CF7871 /* FirebaseAuthCombine-Community */; };
		F17DD4C92BB4ADCC00CF7871 /* FirebaseCrashlytics in Frameworks */ = {isa = PBXBuildFile; productRef = F17DD4C82BB4ADCC00CF7871 /* FirebaseCrashlytics */; };
		F17DD4CB2BB4ADCC00CF7871 /* FirebaseDatabase in Frameworks */ = {isa = PBXBuildFile; productRef = F17DD4CA2BB4ADCC00CF7871 /* FirebaseDatabase */; };
		F17DD4CD2BB4ADCC00CF7871 /* FirebaseDatabaseSwift in Frameworks */ = {isa = PBXBuildFile; productRef = F17DD4CC2BB4ADCC00CF7871 /* FirebaseDatabaseSwift */; };
		F17DD4CF2BB4ADCC00CF7871 /* FirebaseDynamicLinks in Frameworks */ = {isa = PBXBuildFile; productRef = F17DD4CE2BB4ADCC00CF7871 /* FirebaseDynamicLinks */; };
		F17DD4D12BB4ADCC00CF7871 /* FirebaseFirestore in Frameworks */ = {isa = PBXBuildFile; productRef = F17DD4D02BB4ADCC00CF7871 /* FirebaseFirestore */; };
		F17DD4D32BB4ADCC00CF7871 /* FirebaseFirestoreCombine-Community in Frameworks */ = {isa = PBXBuildFile; productRef = F17DD4D22BB4ADCC00CF7871 /* FirebaseFirestoreCombine-Community */; };
		F17DD4D52BB4ADCC00CF7871 /* FirebaseFirestoreSwift in Frameworks */ = {isa = PBXBuildFile; productRef = F17DD4D42BB4ADCC00CF7871 /* FirebaseFirestoreSwift */; };
		F17DD4D72BB4ADCC00CF7871 /* FirebaseFunctions in Frameworks */ = {isa = PBXBuildFile; productRef = F17DD4D62BB4ADCC00CF7871 /* FirebaseFunctions */; };
		F17DD4D92BB4ADCC00CF7871 /* FirebaseFunctionsCombine-Community in Frameworks */ = {isa = PBXBuildFile; productRef = F17DD4D82BB4ADCC00CF7871 /* FirebaseFunctionsCombine-Community */; };
		F17DD4DB2BB4ADCC00CF7871 /* FirebaseInAppMessaging-Beta in Frameworks */ = {isa = PBXBuildFile; productRef = F17DD4DA2BB4ADCC00CF7871 /* FirebaseInAppMessaging-Beta */; };
		F17DD4DD2BB4ADCC00CF7871 /* FirebaseInAppMessagingSwift-Beta in Frameworks */ = {isa = PBXBuildFile; productRef = F17DD4DC2BB4ADCC00CF7871 /* FirebaseInAppMessagingSwift-Beta */; };
		F17DD4DF2BB4ADCC00CF7871 /* FirebaseInstallations in Frameworks */ = {isa = PBXBuildFile; productRef = F17DD4DE2BB4ADCC00CF7871 /* FirebaseInstallations */; };
		F17DD4E12BB4ADCC00CF7871 /* FirebaseMLModelDownloader in Frameworks */ = {isa = PBXBuildFile; productRef = F17DD4E02BB4ADCC00CF7871 /* FirebaseMLModelDownloader */; };
		F17DD4E32BB4ADCC00CF7871 /* FirebaseMessaging in Frameworks */ = {isa = PBXBuildFile; productRef = F17DD4E22BB4ADCC00CF7871 /* FirebaseMessaging */; };
		F17DD4E52BB4ADCC00CF7871 /* FirebasePerformance in Frameworks */ = {isa = PBXBuildFile; productRef = F17DD4E42BB4ADCC00CF7871 /* FirebasePerformance */; };
		F17DD4E72BB4ADCC00CF7871 /* FirebaseRemoteConfig in Frameworks */ = {isa = PBXBuildFile; productRef = F17DD4E62BB4ADCC00CF7871 /* FirebaseRemoteConfig */; };
		F17DD4E92BB4ADCC00CF7871 /* FirebaseRemoteConfigSwift in Frameworks */ = {isa = PBXBuildFile; productRef = F17DD4E82BB4ADCC00CF7871 /* FirebaseRemoteConfigSwift */; };
		F17DD4EB2BB4ADCC00CF7871 /* FirebaseStorage in Frameworks */ = {isa = PBXBuildFile; productRef = F17DD4EA2BB4ADCC00CF7871 /* FirebaseStorage */; };
		F17DD4ED2BB4ADCC00CF7871 /* FirebaseStorageCombine-Community in Frameworks */ = {isa = PBXBuildFile; productRef = F17DD4EC2BB4ADCC00CF7871 /* FirebaseStorageCombine-Community */; };
		F17DD4EF2BB4AE7600CF7871 /* UserAccountManager.swift in Sources */ = {isa = PBXBuildFile; fileRef = F17DD4EE2BB4AE7600CF7871 /* UserAccountManager.swift */; };
		F17DD4F12BB4B6B400CF7871 /* PointsModel.swift in Sources */ = {isa = PBXBuildFile; fileRef = F17DD4F02BB4B6B400CF7871 /* PointsModel.swift */; };
		F180A3DC2BBA96A20056C3F7 /* RewardCardView.swift in Sources */ = {isa = PBXBuildFile; fileRef = F180A3DB2BBA96A20056C3F7 /* RewardCardView.swift */; };
		F180A3DF2BBA9BD80056C3F7 /* FeedCardView.swift in Sources */ = {isa = PBXBuildFile; fileRef = F180A3DE2BBA9BD80056C3F7 /* FeedCardView.swift */; };
		F18E29412BA766B700565D71 /* GoogleService-Info.plist in Resources */ = {isa = PBXBuildFile; fileRef = F18E29402BA766B600565D71 /* GoogleService-Info.plist */; };
		F1A8C3F52BA6137C00977739 /* recycleApp.swift in Sources */ = {isa = PBXBuildFile; fileRef = F1A8C3F42BA6137C00977739 /* recycleApp.swift */; };
		F1A8C3F72BA6137C00977739 /* ContentView.swift in Sources */ = {isa = PBXBuildFile; fileRef = F1A8C3F62BA6137C00977739 /* ContentView.swift */; };
		F1A8C3F92BA6137E00977739 /* Assets.xcassets in Resources */ = {isa = PBXBuildFile; fileRef = F1A8C3F82BA6137E00977739 /* Assets.xcassets */; };
		F1A8C3FC2BA6137E00977739 /* Preview Assets.xcassets in Resources */ = {isa = PBXBuildFile; fileRef = F1A8C3FB2BA6137E00977739 /* Preview Assets.xcassets */; };
		F1A8C4082BA61D6300977739 /* Localizable.strings in Resources */ = {isa = PBXBuildFile; fileRef = F1A8C40A2BA61D6300977739 /* Localizable.strings */; };
		F1A8C40E2BA6265C00977739 /* logInScreen.swift in Sources */ = {isa = PBXBuildFile; fileRef = F1A8C40D2BA6265C00977739 /* logInScreen.swift */; };
		F1A8C4102BA6266A00977739 /* SignUpScreen.swift in Sources */ = {isa = PBXBuildFile; fileRef = F1A8C40F2BA6266A00977739 /* SignUpScreen.swift */; };
		F1A8C4122BA6268700977739 /* ProfileScreen.swift in Sources */ = {isa = PBXBuildFile; fileRef = F1A8C4112BA6268700977739 /* ProfileScreen.swift */; };
		F1A8C4142BA6269400977739 /* RewardScreen.swift in Sources */ = {isa = PBXBuildFile; fileRef = F1A8C4132BA6269400977739 /* RewardScreen.swift */; };
		F1A8C4162BA626A700977739 /* FeedScreen.swift in Sources */ = {isa = PBXBuildFile; fileRef = F1A8C4152BA626A700977739 /* FeedScreen.swift */; };
		F1A8C4182BA626B900977739 /* OrderScreen.swift in Sources */ = {isa = PBXBuildFile; fileRef = F1A8C4172BA626B900977739 /* OrderScreen.swift */; };
		F1A8C41A2BA626CF00977739 /* CompleteScreen.swift in Sources */ = {isa = PBXBuildFile; fileRef = F1A8C4192BA626CF00977739 /* CompleteScreen.swift */; };
		F1A8C41C2BA626D900977739 /* EditProfileScreen.swift in Sources */ = {isa = PBXBuildFile; fileRef = F1A8C41B2BA626D900977739 /* EditProfileScreen.swift */; };
		F1A8C41E2BA626E600977739 /* AboutUsScreen.swift in Sources */ = {isa = PBXBuildFile; fileRef = F1A8C41D2BA626E600977739 /* AboutUsScreen.swift */; };
		F1A8C4202BA6270000977739 /* DeleteAccountScreen.swift in Sources */ = {isa = PBXBuildFile; fileRef = F1A8C41F2BA6270000977739 /* DeleteAccountScreen.swift */; };
		F1B2D8612BAF39DB005B41AE /* OnBoardingCardView.swift in Sources */ = {isa = PBXBuildFile; fileRef = F1B2D8602BAF39DB005B41AE /* OnBoardingCardView.swift */; };
		F1B2D8A32BAF44C0005B41AE /* OnBoardingViews.swift in Sources */ = {isa = PBXBuildFile; fileRef = F1B2D8A22BAF44C0005B41AE /* OnBoardingViews.swift */; };
		F1B2D8A52BB0B36D005B41AE /* RewardsView.swift in Sources */ = {isa = PBXBuildFile; fileRef = F1B2D8A42BB0B36D005B41AE /* RewardsView.swift */; };
		F1EB03202BDC4A12001ED16F /* TimePickerView.swift in Sources */ = {isa = PBXBuildFile; fileRef = F1EB031F2BDC4A11001ED16F /* TimePickerView.swift */; };
/* End PBXBuildFile section */

/* Begin PBXFileReference section */
		F113CF372BC0660400FDA7D8 /* ForgetPasswordScreen.swift */ = {isa = PBXFileReference; lastKnownFileType = sourcecode.swift; path = ForgetPasswordScreen.swift; sourceTree = "<group>"; };
		F11544692BA9FD7500BE0C66 /* TabBarButton.swift */ = {isa = PBXFileReference; lastKnownFileType = sourcecode.swift; path = TabBarButton.swift; sourceTree = "<group>"; };
		F115446B2BA9FF3200BE0C66 /* CustomTabBar.swift */ = {isa = PBXFileReference; lastKnownFileType = sourcecode.swift; path = CustomTabBar.swift; sourceTree = "<group>"; };
		F115446D2BAB51F500BE0C66 /* CustomTabsModel.swift */ = {isa = PBXFileReference; lastKnownFileType = sourcecode.swift; path = CustomTabsModel.swift; sourceTree = "<group>"; };
		F14E6C682BCAFD1000070885 /* CategoriesView.swift */ = {isa = PBXFileReference; lastKnownFileType = sourcecode.swift; path = CategoriesView.swift; sourceTree = "<group>"; };
		F14E6C6A2BCB008000070885 /* CategoreisModel.swift */ = {isa = PBXFileReference; lastKnownFileType = sourcecode.swift; path = CategoreisModel.swift; sourceTree = "<group>"; };
		F14E6C6C2BCB0E7500070885 /* AdressView.swift */ = {isa = PBXFileReference; lastKnownFileType = sourcecode.swift; path = AdressView.swift; sourceTree = "<group>"; };
		F14E6C6F2BCB0ECC00070885 /* CustomSlider.swift */ = {isa = PBXFileReference; lastKnownFileType = sourcecode.swift; path = CustomSlider.swift; sourceTree = "<group>"; };
		F16A90112BDFDB740072698E /* ProfileModel.swift */ = {isa = PBXFileReference; lastKnownFileType = sourcecode.swift; path = ProfileModel.swift; sourceTree = "<group>"; };
		F16A90132BDFDC420072698E /* RewardSystemManager.swift */ = {isa = PBXFileReference; lastKnownFileType = sourcecode.swift; path = RewardSystemManager.swift; sourceTree = "<group>"; };
		F16A90182BE016EF0072698E /* RequestPickUpManager.swift */ = {isa = PBXFileReference; lastKnownFileType = sourcecode.swift; path = RequestPickUpManager.swift; sourceTree = "<group>"; };
		F16A901F2BE020630072698E /* BottomSheet.swift */ = {isa = PBXFileReference; lastKnownFileType = sourcecode.swift; path = BottomSheet.swift; sourceTree = "<group>"; };
		F16EB2DF2BB34B8C00D3251F /* FirebaseConstants.swift */ = {isa = PBXFileReference; lastKnownFileType = sourcecode.swift; path = FirebaseConstants.swift; sourceTree = "<group>"; };
		F16EB2E12BB3514000D3251F /* LocalizeConstants.swift */ = {isa = PBXFileReference; lastKnownFileType = sourcecode.swift; path = LocalizeConstants.swift; sourceTree = "<group>"; };
		F17948F92BB64694006C0F43 /* FeedsModel.swift */ = {isa = PBXFileReference; lastKnownFileType = sourcecode.swift; path = FeedsModel.swift; sourceTree = "<group>"; };
		F17948FB2BB6491D006C0F43 /* Info.plist */ = {isa = PBXFileReference; lastKnownFileType = text.plist; path = Info.plist; sourceTree = "<group>"; };
		F17DD4AA2BB47A6B00CF7871 /* CustomNavigationBar.swift */ = {isa = PBXFileReference; lastKnownFileType = sourcecode.swift; path = CustomNavigationBar.swift; sourceTree = "<group>"; };
		F17DD4AC2BB4810F00CF7871 /* RewardsModel.swift */ = {isa = PBXFileReference; lastKnownFileType = sourcecode.swift; path = RewardsModel.swift; sourceTree = "<group>"; };
		F17DD4AE2BB4832C00CF7871 /* RecycleInfoModel.swift */ = {isa = PBXFileReference; lastKnownFileType = sourcecode.swift; path = RecycleInfoModel.swift; sourceTree = "<group>"; };
		F17DD4B12BB483EC00CF7871 /* RecycleInfoCardView.swift */ = {isa = PBXFileReference; lastKnownFileType = sourcecode.swift; path = RecycleInfoCardView.swift; sourceTree = "<group>"; };
		F17DD4B32BB48DC800CF7871 /* RecycleInfoView.swift */ = {isa = PBXFileReference; lastKnownFileType = sourcecode.swift; path = RecycleInfoView.swift; sourceTree = "<group>"; };
		F17DD4B62BB4945500CF7871 /* CustomAlertCardView.swift */ = {isa = PBXFileReference; lastKnownFileType = sourcecode.swift; path = CustomAlertCardView.swift; sourceTree = "<group>"; };
		F17DD4EE2BB4AE7600CF7871 /* UserAccountManager.swift */ = {isa = PBXFileReference; lastKnownFileType = sourcecode.swift; path = UserAccountManager.swift; sourceTree = "<group>"; };
		F17DD4F02BB4B6B400CF7871 /* PointsModel.swift */ = {isa = PBXFileReference; lastKnownFileType = sourcecode.swift; path = PointsModel.swift; sourceTree = "<group>"; };
		F180A3DB2BBA96A20056C3F7 /* RewardCardView.swift */ = {isa = PBXFileReference; lastKnownFileType = sourcecode.swift; path = RewardCardView.swift; sourceTree = "<group>"; };
		F180A3DE2BBA9BD80056C3F7 /* FeedCardView.swift */ = {isa = PBXFileReference; lastKnownFileType = sourcecode.swift; path = FeedCardView.swift; sourceTree = "<group>"; };
		F18E29402BA766B600565D71 /* GoogleService-Info.plist */ = {isa = PBXFileReference; fileEncoding = 4; lastKnownFileType = text.plist.xml; path = "GoogleService-Info.plist"; sourceTree = "<group>"; };
		F1A8C3F12BA6137C00977739 /* recycle.app */ = {isa = PBXFileReference; explicitFileType = wrapper.application; includeInIndex = 0; path = recycle.app; sourceTree = BUILT_PRODUCTS_DIR; };
		F1A8C3F42BA6137C00977739 /* recycleApp.swift */ = {isa = PBXFileReference; lastKnownFileType = sourcecode.swift; path = recycleApp.swift; sourceTree = "<group>"; };
		F1A8C3F62BA6137C00977739 /* ContentView.swift */ = {isa = PBXFileReference; lastKnownFileType = sourcecode.swift; path = ContentView.swift; sourceTree = "<group>"; };
		F1A8C3F82BA6137E00977739 /* Assets.xcassets */ = {isa = PBXFileReference; lastKnownFileType = folder.assetcatalog; path = Assets.xcassets; sourceTree = "<group>"; };
		F1A8C3FB2BA6137E00977739 /* Preview Assets.xcassets */ = {isa = PBXFileReference; lastKnownFileType = folder.assetcatalog; path = "Preview Assets.xcassets"; sourceTree = "<group>"; };
		F1A8C4092BA61D6300977739 /* en */ = {isa = PBXFileReference; lastKnownFileType = text.plist.strings; name = en; path = en.lproj/Localizable.strings; sourceTree = "<group>"; };
		F1A8C40B2BA61D6500977739 /* ar */ = {isa = PBXFileReference; lastKnownFileType = text.plist.strings; name = ar; path = ar.lproj/Localizable.strings; sourceTree = "<group>"; };
		F1A8C40C2BA6260900977739 /* readme.md */ = {isa = PBXFileReference; lastKnownFileType = net.daringfireball.markdown; path = readme.md; sourceTree = "<group>"; };
		F1A8C40D2BA6265C00977739 /* logInScreen.swift */ = {isa = PBXFileReference; lastKnownFileType = sourcecode.swift; path = logInScreen.swift; sourceTree = "<group>"; };
		F1A8C40F2BA6266A00977739 /* SignUpScreen.swift */ = {isa = PBXFileReference; lastKnownFileType = sourcecode.swift; path = SignUpScreen.swift; sourceTree = "<group>"; };
		F1A8C4112BA6268700977739 /* ProfileScreen.swift */ = {isa = PBXFileReference; lastKnownFileType = sourcecode.swift; path = ProfileScreen.swift; sourceTree = "<group>"; };
		F1A8C4132BA6269400977739 /* RewardScreen.swift */ = {isa = PBXFileReference; lastKnownFileType = sourcecode.swift; path = RewardScreen.swift; sourceTree = "<group>"; };
		F1A8C4152BA626A700977739 /* FeedScreen.swift */ = {isa = PBXFileReference; lastKnownFileType = sourcecode.swift; path = FeedScreen.swift; sourceTree = "<group>"; };
		F1A8C4172BA626B900977739 /* OrderScreen.swift */ = {isa = PBXFileReference; lastKnownFileType = sourcecode.swift; path = OrderScreen.swift; sourceTree = "<group>"; };
		F1A8C4192BA626CF00977739 /* CompleteScreen.swift */ = {isa = PBXFileReference; lastKnownFileType = sourcecode.swift; path = CompleteScreen.swift; sourceTree = "<group>"; };
		F1A8C41B2BA626D900977739 /* EditProfileScreen.swift */ = {isa = PBXFileReference; lastKnownFileType = sourcecode.swift; path = EditProfileScreen.swift; sourceTree = "<group>"; };
		F1A8C41D2BA626E600977739 /* AboutUsScreen.swift */ = {isa = PBXFileReference; lastKnownFileType = sourcecode.swift; path = AboutUsScreen.swift; sourceTree = "<group>"; };
		F1A8C41F2BA6270000977739 /* DeleteAccountScreen.swift */ = {isa = PBXFileReference; lastKnownFileType = sourcecode.swift; path = DeleteAccountScreen.swift; sourceTree = "<group>"; };
		F1B2D8602BAF39DB005B41AE /* OnBoardingCardView.swift */ = {isa = PBXFileReference; lastKnownFileType = sourcecode.swift; path = OnBoardingCardView.swift; sourceTree = "<group>"; };
		F1B2D8A22BAF44C0005B41AE /* OnBoardingViews.swift */ = {isa = PBXFileReference; lastKnownFileType = sourcecode.swift; path = OnBoardingViews.swift; sourceTree = "<group>"; };
		F1B2D8A42BB0B36D005B41AE /* RewardsView.swift */ = {isa = PBXFileReference; lastKnownFileType = sourcecode.swift; path = RewardsView.swift; sourceTree = "<group>"; };
		F1EB031F2BDC4A11001ED16F /* TimePickerView.swift */ = {isa = PBXFileReference; lastKnownFileType = sourcecode.swift; path = TimePickerView.swift; sourceTree = "<group>"; };
/* End PBXFileReference section */

/* Begin PBXFrameworksBuildPhase section */
		F1A8C3EE2BA6137C00977739 /* Frameworks */ = {
			isa = PBXFrameworksBuildPhase;
			buildActionMask = 2147483647;
			files = (
				F17DD4CB2BB4ADCC00CF7871 /* FirebaseDatabase in Frameworks */,
				F17DD4D92BB4ADCC00CF7871 /* FirebaseFunctionsCombine-Community in Frameworks */,
				F17DD4D12BB4ADCC00CF7871 /* FirebaseFirestore in Frameworks */,
				F17DD4BD2BB4ADCC00CF7871 /* FirebaseAnalyticsSwift in Frameworks */,
				F17DD4B92BB4ADCC00CF7871 /* FirebaseAnalytics in Frameworks */,
				F17DD4BB2BB4ADCC00CF7871 /* FirebaseAnalyticsOnDeviceConversion in Frameworks */,
				F17DD4E12BB4ADCC00CF7871 /* FirebaseMLModelDownloader in Frameworks */,
				F17DD4D52BB4ADCC00CF7871 /* FirebaseFirestoreSwift in Frameworks */,
				F17DD4C12BB4ADCC00CF7871 /* FirebaseAppCheck in Frameworks */,
				F17DD4BF2BB4ADCC00CF7871 /* FirebaseAnalyticsWithoutAdIdSupport in Frameworks */,
				F17DD4C52BB4ADCC00CF7871 /* FirebaseAuth in Frameworks */,
				F17DD4C92BB4ADCC00CF7871 /* FirebaseCrashlytics in Frameworks */,
				F17DD4E92BB4ADCC00CF7871 /* FirebaseRemoteConfigSwift in Frameworks */,
				F17DD4DB2BB4ADCC00CF7871 /* FirebaseInAppMessaging-Beta in Frameworks */,
				F17DD4CD2BB4ADCC00CF7871 /* FirebaseDatabaseSwift in Frameworks */,
				F17DD4D72BB4ADCC00CF7871 /* FirebaseFunctions in Frameworks */,
				F16A90172BDFE62D0072698E /* AlertKit in Frameworks */,
				F17DD4ED2BB4ADCC00CF7871 /* FirebaseStorageCombine-Community in Frameworks */,
				F17DD4E72BB4ADCC00CF7871 /* FirebaseRemoteConfig in Frameworks */,
				F17DD4C32BB4ADCC00CF7871 /* FirebaseAppDistribution-Beta in Frameworks */,
				F17DD4C72BB4ADCC00CF7871 /* FirebaseAuthCombine-Community in Frameworks */,
				F17DD4E52BB4ADCC00CF7871 /* FirebasePerformance in Frameworks */,
				F17DD4DD2BB4ADCC00CF7871 /* FirebaseInAppMessagingSwift-Beta in Frameworks */,
				F17DD4EB2BB4ADCC00CF7871 /* FirebaseStorage in Frameworks */,
				F17DD4CF2BB4ADCC00CF7871 /* FirebaseDynamicLinks in Frameworks */,
				F17DD4D32BB4ADCC00CF7871 /* FirebaseFirestoreCombine-Community in Frameworks */,
				F17DD4E32BB4ADCC00CF7871 /* FirebaseMessaging in Frameworks */,
				F17DD4DF2BB4ADCC00CF7871 /* FirebaseInstallations in Frameworks */,
			);
			runOnlyForDeploymentPostprocessing = 0;
		};
/* End PBXFrameworksBuildPhase section */

/* Begin PBXGroup section */
		F113CF3A2BC06CBD00FDA7D8 /* log in and sign up */ = {
			isa = PBXGroup;
			children = (
				F1A8C40D2BA6265C00977739 /* logInScreen.swift */,
				F113CF372BC0660400FDA7D8 /* ForgetPasswordScreen.swift */,
				F1A8C40F2BA6266A00977739 /* SignUpScreen.swift */,
			);
			path = "log in and sign up";
			sourceTree = "<group>";
		};
		F11544682BA9FD6000BE0C66 /* Custom Tab Bar */ = {
			isa = PBXGroup;
			children = (
				F11544692BA9FD7500BE0C66 /* TabBarButton.swift */,
				F115446B2BA9FF3200BE0C66 /* CustomTabBar.swift */,
			);
			path = "Custom Tab Bar";
			sourceTree = "<group>";
		};
		F14E6C672BCAFCD200070885 /* Request Views */ = {
			isa = PBXGroup;
			children = (
				F14E6C682BCAFD1000070885 /* CategoriesView.swift */,
				F16A901F2BE020630072698E /* BottomSheet.swift */,
				F14E6C6C2BCB0E7500070885 /* AdressView.swift */,
				F1EB031F2BDC4A11001ED16F /* TimePickerView.swift */,
				F1A8C4192BA626CF00977739 /* CompleteScreen.swift */,
			);
			path = "Request Views";
			sourceTree = "<group>";
		};
		F14E6C6E2BCB0EC200070885 /* Slider */ = {
			isa = PBXGroup;
			children = (
				F14E6C6F2BCB0ECC00070885 /* CustomSlider.swift */,
			);
			path = Slider;
			sourceTree = "<group>";
		};
		F16A901A2BE01AEE0072698E /* Request */ = {
			isa = PBXGroup;
			children = (
				F1A8C4172BA626B900977739 /* OrderScreen.swift */,
				F14E6C672BCAFCD200070885 /* Request Views */,
			);
			path = Request;
			sourceTree = "<group>";
		};
		F16A901B2BE01B0B0072698E /* Reward */ = {
			isa = PBXGroup;
			children = (
				F1A8C4132BA6269400977739 /* RewardScreen.swift */,
				F1B2D8A62BB0B376005B41AE /* Reward views */,
			);
			path = Reward;
			sourceTree = "<group>";
		};
		F16A901C2BE01B4F0072698E /* Feed */ = {
			isa = PBXGroup;
			children = (
				F180A3DD2BBA9BC90056C3F7 /* Feed view */,
				F1A8C4152BA626A700977739 /* FeedScreen.swift */,
			);
			path = Feed;
			sourceTree = "<group>";
		};
		F16A901D2BE01B5E0072698E /* settings */ = {
			isa = PBXGroup;
			children = (
				F1A8C41F2BA6270000977739 /* DeleteAccountScreen.swift */,
				F1A8C41D2BA626E600977739 /* AboutUsScreen.swift */,
				F1A8C4112BA6268700977739 /* ProfileScreen.swift */,
				F1A8C41B2BA626D900977739 /* EditProfileScreen.swift */,
			);
			path = settings;
			sourceTree = "<group>";
		};
		F16A901E2BE01B7A0072698E /* information */ = {
			isa = PBXGroup;
			children = (
				F17DD4B02BB483D800CF7871 /* Recycle info  */,
				F17DD4B32BB48DC800CF7871 /* RecycleInfoView.swift */,
			);
			path = information;
			sourceTree = "<group>";
		};
		F17DD4A92BB47A4E00CF7871 /* Custom Navigation Bar */ = {
			isa = PBXGroup;
			children = (
				F17DD4AA2BB47A6B00CF7871 /* CustomNavigationBar.swift */,
			);
			path = "Custom Navigation Bar";
			sourceTree = "<group>";
		};
		F17DD4B02BB483D800CF7871 /* Recycle info  */ = {
			isa = PBXGroup;
			children = (
				F17DD4B12BB483EC00CF7871 /* RecycleInfoCardView.swift */,
			);
			path = "Recycle info ";
			sourceTree = "<group>";
		};
		F17DD4B52BB4938B00CF7871 /* Custom Alerts */ = {
			isa = PBXGroup;
			children = (
				F17DD4B62BB4945500CF7871 /* CustomAlertCardView.swift */,
			);
			path = "Custom Alerts";
			sourceTree = "<group>";
		};
		F180A3DD2BBA9BC90056C3F7 /* Feed view */ = {
			isa = PBXGroup;
			children = (
				F180A3DE2BBA9BD80056C3F7 /* FeedCardView.swift */,
			);
			path = "Feed view";
			sourceTree = "<group>";
		};
		F1A8C3E82BA6137C00977739 = {
			isa = PBXGroup;
			children = (
				F1A8C3F32BA6137C00977739 /* recycle */,
				F1A8C3F22BA6137C00977739 /* Products */,
			);
			sourceTree = "<group>";
		};
		F1A8C3F22BA6137C00977739 /* Products */ = {
			isa = PBXGroup;
			children = (
				F1A8C3F12BA6137C00977739 /* recycle.app */,
			);
			name = Products;
			sourceTree = "<group>";
		};
		F1A8C3F32BA6137C00977739 /* recycle */ = {
			isa = PBXGroup;
			children = (
				F17948FB2BB6491D006C0F43 /* Info.plist */,
				F1A8C40C2BA6260900977739 /* readme.md */,
				F18E29402BA766B600565D71 /* GoogleService-Info.plist */,
				F1A8C3F42BA6137C00977739 /* recycleApp.swift */,
				F1A8C3F62BA6137C00977739 /* ContentView.swift */,
				F1A8C4052BA61A5B00977739 /* Screens */,
				F1A8C4042BA613B800977739 /* custom views */,
				F1A8C4032BA6139B00977739 /* Model */,
				F1A8C4022BA6139200977739 /* Store */,
				F1A8C40A2BA61D6300977739 /* Localizable.strings */,
				F1A8C3F82BA6137E00977739 /* Assets.xcassets */,
				F1A8C3FA2BA6137E00977739 /* Preview Content */,
			);
			path = recycle;
			sourceTree = "<group>";
		};
		F1A8C3FA2BA6137E00977739 /* Preview Content */ = {
			isa = PBXGroup;
			children = (
				F1A8C3FB2BA6137E00977739 /* Preview Assets.xcassets */,
			);
			path = "Preview Content";
			sourceTree = "<group>";
		};
		F1A8C4022BA6139200977739 /* Store */ = {
			isa = PBXGroup;
			children = (
				F17DD4EE2BB4AE7600CF7871 /* UserAccountManager.swift */,
				F16A90132BDFDC420072698E /* RewardSystemManager.swift */,
				F16A90182BE016EF0072698E /* RequestPickUpManager.swift */,
			);
			path = Store;
			sourceTree = "<group>";
		};
		F1A8C4032BA6139B00977739 /* Model */ = {
			isa = PBXGroup;
			children = (
				F115446D2BAB51F500BE0C66 /* CustomTabsModel.swift */,
				F16EB2DF2BB34B8C00D3251F /* FirebaseConstants.swift */,
				F16EB2E12BB3514000D3251F /* LocalizeConstants.swift */,
				F17DD4AC2BB4810F00CF7871 /* RewardsModel.swift */,
				F17DD4AE2BB4832C00CF7871 /* RecycleInfoModel.swift */,
				F17DD4F02BB4B6B400CF7871 /* PointsModel.swift */,
				F17948F92BB64694006C0F43 /* FeedsModel.swift */,
				F14E6C6A2BCB008000070885 /* CategoreisModel.swift */,
				F16A90112BDFDB740072698E /* ProfileModel.swift */,
			);
			path = Model;
			sourceTree = "<group>";
		};
		F1A8C4042BA613B800977739 /* custom views */ = {
			isa = PBXGroup;
			children = (
				F14E6C6E2BCB0EC200070885 /* Slider */,
				F17DD4B52BB4938B00CF7871 /* Custom Alerts */,
				F17DD4A92BB47A4E00CF7871 /* Custom Navigation Bar */,
				F1B2D85F2BAF397E005B41AE /* onBoarding */,
				F11544682BA9FD6000BE0C66 /* Custom Tab Bar */,
			);
			path = "custom views";
			sourceTree = "<group>";
		};
		F1A8C4052BA61A5B00977739 /* Screens */ = {
			isa = PBXGroup;
			children = (
				F16A901D2BE01B5E0072698E /* settings */,
				F16A901E2BE01B7A0072698E /* information */,
				F16A901C2BE01B4F0072698E /* Feed */,
				F16A901B2BE01B0B0072698E /* Reward */,
				F16A901A2BE01AEE0072698E /* Request */,
				F113CF3A2BC06CBD00FDA7D8 /* log in and sign up */,
			);
			path = Screens;
			sourceTree = "<group>";
		};
		F1B2D85F2BAF397E005B41AE /* onBoarding */ = {
			isa = PBXGroup;
			children = (
				F1B2D8602BAF39DB005B41AE /* OnBoardingCardView.swift */,
				F1B2D8A22BAF44C0005B41AE /* OnBoardingViews.swift */,
			);
			path = onBoarding;
			sourceTree = "<group>";
		};
		F1B2D8A62BB0B376005B41AE /* Reward views */ = {
			isa = PBXGroup;
			children = (
				F1B2D8A42BB0B36D005B41AE /* RewardsView.swift */,
				F180A3DB2BBA96A20056C3F7 /* RewardCardView.swift */,
			);
			path = "Reward views";
			sourceTree = "<group>";
		};
/* End PBXGroup section */

/* Begin PBXNativeTarget section */
		F1A8C3F02BA6137C00977739 /* recycle */ = {
			isa = PBXNativeTarget;
			buildConfigurationList = F1A8C3FF2BA6137E00977739 /* Build configuration list for PBXNativeTarget "recycle" */;
			buildPhases = (
				F1A8C3ED2BA6137C00977739 /* Sources */,
				F1A8C3EE2BA6137C00977739 /* Frameworks */,
				F1A8C3EF2BA6137C00977739 /* Resources */,
			);
			buildRules = (
			);
			dependencies = (
			);
			name = recycle;
			packageProductDependencies = (
				F17DD4B82BB4ADCC00CF7871 /* FirebaseAnalytics */,
				F17DD4BA2BB4ADCC00CF7871 /* FirebaseAnalyticsOnDeviceConversion */,
				F17DD4BC2BB4ADCC00CF7871 /* FirebaseAnalyticsSwift */,
				F17DD4BE2BB4ADCC00CF7871 /* FirebaseAnalyticsWithoutAdIdSupport */,
				F17DD4C02BB4ADCC00CF7871 /* FirebaseAppCheck */,
				F17DD4C22BB4ADCC00CF7871 /* FirebaseAppDistribution-Beta */,
				F17DD4C42BB4ADCC00CF7871 /* FirebaseAuth */,
				F17DD4C62BB4ADCC00CF7871 /* FirebaseAuthCombine-Community */,
				F17DD4C82BB4ADCC00CF7871 /* FirebaseCrashlytics */,
				F17DD4CA2BB4ADCC00CF7871 /* FirebaseDatabase */,
				F17DD4CC2BB4ADCC00CF7871 /* FirebaseDatabaseSwift */,
				F17DD4CE2BB4ADCC00CF7871 /* FirebaseDynamicLinks */,
				F17DD4D02BB4ADCC00CF7871 /* FirebaseFirestore */,
				F17DD4D22BB4ADCC00CF7871 /* FirebaseFirestoreCombine-Community */,
				F17DD4D42BB4ADCC00CF7871 /* FirebaseFirestoreSwift */,
				F17DD4D62BB4ADCC00CF7871 /* FirebaseFunctions */,
				F17DD4D82BB4ADCC00CF7871 /* FirebaseFunctionsCombine-Community */,
				F17DD4DA2BB4ADCC00CF7871 /* FirebaseInAppMessaging-Beta */,
				F17DD4DC2BB4ADCC00CF7871 /* FirebaseInAppMessagingSwift-Beta */,
				F17DD4DE2BB4ADCC00CF7871 /* FirebaseInstallations */,
				F17DD4E02BB4ADCC00CF7871 /* FirebaseMLModelDownloader */,
				F17DD4E22BB4ADCC00CF7871 /* FirebaseMessaging */,
				F17DD4E42BB4ADCC00CF7871 /* FirebasePerformance */,
				F17DD4E62BB4ADCC00CF7871 /* FirebaseRemoteConfig */,
				F17DD4E82BB4ADCC00CF7871 /* FirebaseRemoteConfigSwift */,
				F17DD4EA2BB4ADCC00CF7871 /* FirebaseStorage */,
				F17DD4EC2BB4ADCC00CF7871 /* FirebaseStorageCombine-Community */,
				F16A90162BDFE62D0072698E /* AlertKit */,
			);
			productName = recycle;
			productReference = F1A8C3F12BA6137C00977739 /* recycle.app */;
			productType = "com.apple.product-type.application";
		};
/* End PBXNativeTarget section */

/* Begin PBXProject section */
		F1A8C3E92BA6137C00977739 /* Project object */ = {
			isa = PBXProject;
			attributes = {
				BuildIndependentTargetsInParallel = 1;
				LastSwiftUpdateCheck = 1520;
				LastUpgradeCheck = 1520;
				TargetAttributes = {
					F1A8C3F02BA6137C00977739 = {
						CreatedOnToolsVersion = 15.2;
					};
				};
			};
			buildConfigurationList = F1A8C3EC2BA6137C00977739 /* Build configuration list for PBXProject "recycle" */;
			compatibilityVersion = "Xcode 14.0";
			developmentRegion = en;
			hasScannedForEncodings = 0;
			knownRegions = (
				en,
				Base,
				ar,
			);
			mainGroup = F1A8C3E82BA6137C00977739;
			packageReferences = (
				F18E29422BA7689400565D71 /* XCRemoteSwiftPackageReference "firebase-ios-sdk" */,
				F16A90152BDFE62C0072698E /* XCRemoteSwiftPackageReference "SPAlert" */,
			);
			productRefGroup = F1A8C3F22BA6137C00977739 /* Products */;
			projectDirPath = "";
			projectRoot = "";
			targets = (
				F1A8C3F02BA6137C00977739 /* recycle */,
			);
		};
/* End PBXProject section */

/* Begin PBXResourcesBuildPhase section */
		F1A8C3EF2BA6137C00977739 /* Resources */ = {
			isa = PBXResourcesBuildPhase;
			buildActionMask = 2147483647;
			files = (
				F1A8C3FC2BA6137E00977739 /* Preview Assets.xcassets in Resources */,
				F18E29412BA766B700565D71 /* GoogleService-Info.plist in Resources */,
				F1A8C4082BA61D6300977739 /* Localizable.strings in Resources */,
				F1A8C3F92BA6137E00977739 /* Assets.xcassets in Resources */,
			);
			runOnlyForDeploymentPostprocessing = 0;
		};
/* End PBXResourcesBuildPhase section */

/* Begin PBXSourcesBuildPhase section */
		F1A8C3ED2BA6137C00977739 /* Sources */ = {
			isa = PBXSourcesBuildPhase;
			buildActionMask = 2147483647;
			files = (
				F1EB03202BDC4A12001ED16F /* TimePickerView.swift in Sources */,
				F1A8C4182BA626B900977739 /* OrderScreen.swift in Sources */,
				F17948FA2BB64694006C0F43 /* FeedsModel.swift in Sources */,
				F1A8C41E2BA626E600977739 /* AboutUsScreen.swift in Sources */,
				F115446C2BA9FF3200BE0C66 /* CustomTabBar.swift in Sources */,
				F1A8C4142BA6269400977739 /* RewardScreen.swift in Sources */,
				F17DD4B22BB483EC00CF7871 /* RecycleInfoCardView.swift in Sources */,
				F115446A2BA9FD7500BE0C66 /* TabBarButton.swift in Sources */,
				F1B2D8A52BB0B36D005B41AE /* RewardsView.swift in Sources */,
				F14E6C6D2BCB0E7500070885 /* AdressView.swift in Sources */,
				F14E6C692BCAFD1000070885 /* CategoriesView.swift in Sources */,
				F17DD4AB2BB47A6B00CF7871 /* CustomNavigationBar.swift in Sources */,
				F180A3DC2BBA96A20056C3F7 /* RewardCardView.swift in Sources */,
				F1A8C41A2BA626CF00977739 /* CompleteScreen.swift in Sources */,
				F16EB2E02BB34B8C00D3251F /* FirebaseConstants.swift in Sources */,
				F1A8C3F72BA6137C00977739 /* ContentView.swift in Sources */,
				F180A3DF2BBA9BD80056C3F7 /* FeedCardView.swift in Sources */,
				F16A90202BE020630072698E /* BottomSheet.swift in Sources */,
				F17DD4AF2BB4832C00CF7871 /* RecycleInfoModel.swift in Sources */,
				F113CF382BC0660400FDA7D8 /* ForgetPasswordScreen.swift in Sources */,
				F115446E2BAB51F500BE0C66 /* CustomTabsModel.swift in Sources */,
				F14E6C702BCB0ECC00070885 /* CustomSlider.swift in Sources */,
				F17DD4B42BB48DC800CF7871 /* RecycleInfoView.swift in Sources */,
				F16EB2E22BB3514000D3251F /* LocalizeConstants.swift in Sources */,
				F16A90122BDFDB740072698E /* ProfileModel.swift in Sources */,
				F1A8C3F52BA6137C00977739 /* recycleApp.swift in Sources */,
				F16A90142BDFDC420072698E /* RewardSystemManager.swift in Sources */,
				F14E6C6B2BCB008000070885 /* CategoreisModel.swift in Sources */,
				F17DD4B72BB4945600CF7871 /* CustomAlertCardView.swift in Sources */,
				F1A8C41C2BA626D900977739 /* EditProfileScreen.swift in Sources */,
				F16A90192BE016EF0072698E /* RequestPickUpManager.swift in Sources */,
				F17DD4F12BB4B6B400CF7871 /* PointsModel.swift in Sources */,
				F17DD4AD2BB4810F00CF7871 /* RewardsModel.swift in Sources */,
				F1A8C4162BA626A700977739 /* FeedScreen.swift in Sources */,
				F17DD4EF2BB4AE7600CF7871 /* UserAccountManager.swift in Sources */,
				F1A8C4202BA6270000977739 /* DeleteAccountScreen.swift in Sources */,
				F1A8C40E2BA6265C00977739 /* logInScreen.swift in Sources */,
				F1B2D8612BAF39DB005B41AE /* OnBoardingCardView.swift in Sources */,
				F1A8C4102BA6266A00977739 /* SignUpScreen.swift in Sources */,
				F1A8C4122BA6268700977739 /* ProfileScreen.swift in Sources */,
				F1B2D8A32BAF44C0005B41AE /* OnBoardingViews.swift in Sources */,
			);
			runOnlyForDeploymentPostprocessing = 0;
		};
/* End PBXSourcesBuildPhase section */

/* Begin PBXVariantGroup section */
		F1A8C40A2BA61D6300977739 /* Localizable.strings */ = {
			isa = PBXVariantGroup;
			children = (
				F1A8C4092BA61D6300977739 /* en */,
				F1A8C40B2BA61D6500977739 /* ar */,
			);
			name = Localizable.strings;
			sourceTree = "<group>";
		};
/* End PBXVariantGroup section */

/* Begin XCBuildConfiguration section */
		F1A8C3FD2BA6137E00977739 /* Debug */ = {
			isa = XCBuildConfiguration;
			buildSettings = {
				ALWAYS_SEARCH_USER_PATHS = NO;
				ASSETCATALOG_COMPILER_GENERATE_SWIFT_ASSET_SYMBOL_EXTENSIONS = YES;
				CLANG_ANALYZER_NONNULL = YES;
				CLANG_ANALYZER_NUMBER_OBJECT_CONVERSION = YES_AGGRESSIVE;
				CLANG_CXX_LANGUAGE_STANDARD = "gnu++20";
				CLANG_ENABLE_MODULES = YES;
				CLANG_ENABLE_OBJC_ARC = YES;
				CLANG_ENABLE_OBJC_WEAK = YES;
				CLANG_WARN_BLOCK_CAPTURE_AUTORELEASING = YES;
				CLANG_WARN_BOOL_CONVERSION = YES;
				CLANG_WARN_COMMA = YES;
				CLANG_WARN_CONSTANT_CONVERSION = YES;
				CLANG_WARN_DEPRECATED_OBJC_IMPLEMENTATIONS = YES;
				CLANG_WARN_DIRECT_OBJC_ISA_USAGE = YES_ERROR;
				CLANG_WARN_DOCUMENTATION_COMMENTS = YES;
				CLANG_WARN_EMPTY_BODY = YES;
				CLANG_WARN_ENUM_CONVERSION = YES;
				CLANG_WARN_INFINITE_RECURSION = YES;
				CLANG_WARN_INT_CONVERSION = YES;
				CLANG_WARN_NON_LITERAL_NULL_CONVERSION = YES;
				CLANG_WARN_OBJC_IMPLICIT_RETAIN_SELF = YES;
				CLANG_WARN_OBJC_LITERAL_CONVERSION = YES;
				CLANG_WARN_OBJC_ROOT_CLASS = YES_ERROR;
				CLANG_WARN_QUOTED_INCLUDE_IN_FRAMEWORK_HEADER = YES;
				CLANG_WARN_RANGE_LOOP_ANALYSIS = YES;
				CLANG_WARN_STRICT_PROTOTYPES = YES;
				CLANG_WARN_SUSPICIOUS_MOVE = YES;
				CLANG_WARN_UNGUARDED_AVAILABILITY = YES_AGGRESSIVE;
				CLANG_WARN_UNREACHABLE_CODE = YES;
				CLANG_WARN__DUPLICATE_METHOD_MATCH = YES;
				COPY_PHASE_STRIP = NO;
				DEBUG_INFORMATION_FORMAT = dwarf;
				ENABLE_STRICT_OBJC_MSGSEND = YES;
				ENABLE_TESTABILITY = YES;
				ENABLE_USER_SCRIPT_SANDBOXING = YES;
				GCC_C_LANGUAGE_STANDARD = gnu17;
				GCC_DYNAMIC_NO_PIC = NO;
				GCC_NO_COMMON_BLOCKS = YES;
				GCC_OPTIMIZATION_LEVEL = 0;
				GCC_PREPROCESSOR_DEFINITIONS = (
					"DEBUG=1",
					"$(inherited)",
				);
				GCC_WARN_64_TO_32_BIT_CONVERSION = YES;
				GCC_WARN_ABOUT_RETURN_TYPE = YES_ERROR;
				GCC_WARN_UNDECLARED_SELECTOR = YES;
				GCC_WARN_UNINITIALIZED_AUTOS = YES_AGGRESSIVE;
				GCC_WARN_UNUSED_FUNCTION = YES;
				GCC_WARN_UNUSED_VARIABLE = YES;
				IPHONEOS_DEPLOYMENT_TARGET = 17.2;
				LOCALIZATION_PREFERS_STRING_CATALOGS = YES;
				MTL_ENABLE_DEBUG_INFO = INCLUDE_SOURCE;
				MTL_FAST_MATH = YES;
				ONLY_ACTIVE_ARCH = YES;
				SDKROOT = iphoneos;
				SWIFT_ACTIVE_COMPILATION_CONDITIONS = "DEBUG $(inherited)";
				SWIFT_OPTIMIZATION_LEVEL = "-Onone";
			};
			name = Debug;
		};
		F1A8C3FE2BA6137E00977739 /* Release */ = {
			isa = XCBuildConfiguration;
			buildSettings = {
				ALWAYS_SEARCH_USER_PATHS = NO;
				ASSETCATALOG_COMPILER_GENERATE_SWIFT_ASSET_SYMBOL_EXTENSIONS = YES;
				CLANG_ANALYZER_NONNULL = YES;
				CLANG_ANALYZER_NUMBER_OBJECT_CONVERSION = YES_AGGRESSIVE;
				CLANG_CXX_LANGUAGE_STANDARD = "gnu++20";
				CLANG_ENABLE_MODULES = YES;
				CLANG_ENABLE_OBJC_ARC = YES;
				CLANG_ENABLE_OBJC_WEAK = YES;
				CLANG_WARN_BLOCK_CAPTURE_AUTORELEASING = YES;
				CLANG_WARN_BOOL_CONVERSION = YES;
				CLANG_WARN_COMMA = YES;
				CLANG_WARN_CONSTANT_CONVERSION = YES;
				CLANG_WARN_DEPRECATED_OBJC_IMPLEMENTATIONS = YES;
				CLANG_WARN_DIRECT_OBJC_ISA_USAGE = YES_ERROR;
				CLANG_WARN_DOCUMENTATION_COMMENTS = YES;
				CLANG_WARN_EMPTY_BODY = YES;
				CLANG_WARN_ENUM_CONVERSION = YES;
				CLANG_WARN_INFINITE_RECURSION = YES;
				CLANG_WARN_INT_CONVERSION = YES;
				CLANG_WARN_NON_LITERAL_NULL_CONVERSION = YES;
				CLANG_WARN_OBJC_IMPLICIT_RETAIN_SELF = YES;
				CLANG_WARN_OBJC_LITERAL_CONVERSION = YES;
				CLANG_WARN_OBJC_ROOT_CLASS = YES_ERROR;
				CLANG_WARN_QUOTED_INCLUDE_IN_FRAMEWORK_HEADER = YES;
				CLANG_WARN_RANGE_LOOP_ANALYSIS = YES;
				CLANG_WARN_STRICT_PROTOTYPES = YES;
				CLANG_WARN_SUSPICIOUS_MOVE = YES;
				CLANG_WARN_UNGUARDED_AVAILABILITY = YES_AGGRESSIVE;
				CLANG_WARN_UNREACHABLE_CODE = YES;
				CLANG_WARN__DUPLICATE_METHOD_MATCH = YES;
				COPY_PHASE_STRIP = NO;
				DEBUG_INFORMATION_FORMAT = "dwarf-with-dsym";
				ENABLE_NS_ASSERTIONS = NO;
				ENABLE_STRICT_OBJC_MSGSEND = YES;
				ENABLE_USER_SCRIPT_SANDBOXING = YES;
				GCC_C_LANGUAGE_STANDARD = gnu17;
				GCC_NO_COMMON_BLOCKS = YES;
				GCC_WARN_64_TO_32_BIT_CONVERSION = YES;
				GCC_WARN_ABOUT_RETURN_TYPE = YES_ERROR;
				GCC_WARN_UNDECLARED_SELECTOR = YES;
				GCC_WARN_UNINITIALIZED_AUTOS = YES_AGGRESSIVE;
				GCC_WARN_UNUSED_FUNCTION = YES;
				GCC_WARN_UNUSED_VARIABLE = YES;
				IPHONEOS_DEPLOYMENT_TARGET = 17.2;
				LOCALIZATION_PREFERS_STRING_CATALOGS = YES;
				MTL_ENABLE_DEBUG_INFO = NO;
				MTL_FAST_MATH = YES;
				SDKROOT = iphoneos;
				SWIFT_COMPILATION_MODE = wholemodule;
				VALIDATE_PRODUCT = YES;
			};
			name = Release;
		};
		F1A8C4002BA6137E00977739 /* Debug */ = {
			isa = XCBuildConfiguration;
			buildSettings = {
				ASSETCATALOG_COMPILER_APPICON_NAME = AppIcon;
				ASSETCATALOG_COMPILER_GLOBAL_ACCENT_COLOR_NAME = AccentColor;
				CODE_SIGN_STYLE = Automatic;
				CURRENT_PROJECT_VERSION = 3;
				DEVELOPMENT_ASSET_PATHS = "\"recycle/Preview Content\"";
				DEVELOPMENT_TEAM = Q798B7356U;
				ENABLE_PREVIEWS = YES;
				GENERATE_INFOPLIST_FILE = YES;
				INFOPLIST_FILE = recycle/Info.plist;
				INFOPLIST_KEY_UIApplicationSceneManifest_Generation = YES;
				INFOPLIST_KEY_UIApplicationSupportsIndirectInputEvents = YES;
				INFOPLIST_KEY_UILaunchScreen_Generation = YES;
				INFOPLIST_KEY_UIRequiresFullScreen = YES;
				INFOPLIST_KEY_UIStatusBarStyle = UIStatusBarStyleLightContent;
				INFOPLIST_KEY_UISupportedInterfaceOrientations = UIInterfaceOrientationPortrait;
				INFOPLIST_KEY_UIUserInterfaceStyle = Light;
				IPHONEOS_DEPLOYMENT_TARGET = 16.0;
				LD_RUNPATH_SEARCH_PATHS = (
					"$(inherited)",
					"@executable_path/Frameworks",
				);
				MARKETING_VERSION = 1.0;
				PRODUCT_BUNDLE_IDENTIFIER = com.uni.recycle;
				PRODUCT_NAME = "$(TARGET_NAME)";
				SWIFT_EMIT_LOC_STRINGS = YES;
				SWIFT_VERSION = 5.0;
				TARGETED_DEVICE_FAMILY = "1,2";
			};
			name = Debug;
		};
		F1A8C4012BA6137E00977739 /* Release */ = {
			isa = XCBuildConfiguration;
			buildSettings = {
				ASSETCATALOG_COMPILER_APPICON_NAME = AppIcon;
				ASSETCATALOG_COMPILER_GLOBAL_ACCENT_COLOR_NAME = AccentColor;
				CODE_SIGN_STYLE = Automatic;
				CURRENT_PROJECT_VERSION = 3;
				DEVELOPMENT_ASSET_PATHS = "\"recycle/Preview Content\"";
				DEVELOPMENT_TEAM = Q798B7356U;
				ENABLE_PREVIEWS = YES;
				GENERATE_INFOPLIST_FILE = YES;
				INFOPLIST_FILE = recycle/Info.plist;
				INFOPLIST_KEY_UIApplicationSceneManifest_Generation = YES;
				INFOPLIST_KEY_UIApplicationSupportsIndirectInputEvents = YES;
				INFOPLIST_KEY_UILaunchScreen_Generation = YES;
				INFOPLIST_KEY_UIRequiresFullScreen = YES;
				INFOPLIST_KEY_UIStatusBarStyle = UIStatusBarStyleLightContent;
				INFOPLIST_KEY_UISupportedInterfaceOrientations = UIInterfaceOrientationPortrait;
				INFOPLIST_KEY_UIUserInterfaceStyle = Light;
				IPHONEOS_DEPLOYMENT_TARGET = 16.0;
				LD_RUNPATH_SEARCH_PATHS = (
					"$(inherited)",
					"@executable_path/Frameworks",
				);
				MARKETING_VERSION = 1.0;
				PRODUCT_BUNDLE_IDENTIFIER = com.uni.recycle;
				PRODUCT_NAME = "$(TARGET_NAME)";
				SWIFT_EMIT_LOC_STRINGS = YES;
				SWIFT_VERSION = 5.0;
				TARGETED_DEVICE_FAMILY = "1,2";
			};
			name = Release;
		};
/* End XCBuildConfiguration section */

/* Begin XCConfigurationList section */
		F1A8C3EC2BA6137C00977739 /* Build configuration list for PBXProject "recycle" */ = {
			isa = XCConfigurationList;
			buildConfigurations = (
				F1A8C3FD2BA6137E00977739 /* Debug */,
				F1A8C3FE2BA6137E00977739 /* Release */,
			);
			defaultConfigurationIsVisible = 0;
			defaultConfigurationName = Release;
		};
		F1A8C3FF2BA6137E00977739 /* Build configuration list for PBXNativeTarget "recycle" */ = {
			isa = XCConfigurationList;
			buildConfigurations = (
				F1A8C4002BA6137E00977739 /* Debug */,
				F1A8C4012BA6137E00977739 /* Release */,
			);
			defaultConfigurationIsVisible = 0;
			defaultConfigurationName = Release;
		};
/* End XCConfigurationList section */

/* Begin XCRemoteSwiftPackageReference section */
		F16A90152BDFE62C0072698E /* XCRemoteSwiftPackageReference "SPAlert" */ = {
			isa = XCRemoteSwiftPackageReference;
			repositoryURL = "https://github.com/ivanvorobei/SPAlert";
			requirement = {
				kind = upToNextMajorVersion;
				minimumVersion = 5.1.9;
			};
		};
		F18E29422BA7689400565D71 /* XCRemoteSwiftPackageReference "firebase-ios-sdk" */ = {
			isa = XCRemoteSwiftPackageReference;
			repositoryURL = "https://github.com/firebase/firebase-ios-sdk.git";
			requirement = {
				kind = upToNextMajorVersion;
				minimumVersion = 10.22.1;
			};
		};
/* End XCRemoteSwiftPackageReference section */

/* Begin XCSwiftPackageProductDependency section */
		F16A90162BDFE62D0072698E /* AlertKit */ = {
			isa = XCSwiftPackageProductDependency;
			package = F16A90152BDFE62C0072698E /* XCRemoteSwiftPackageReference "SPAlert" */;
			productName = AlertKit;
		};
		F17DD4B82BB4ADCC00CF7871 /* FirebaseAnalytics */ = {
			isa = XCSwiftPackageProductDependency;
			package = F18E29422BA7689400565D71 /* XCRemoteSwiftPackageReference "firebase-ios-sdk" */;
			productName = FirebaseAnalytics;
		};
		F17DD4BA2BB4ADCC00CF7871 /* FirebaseAnalyticsOnDeviceConversion */ = {
			isa = XCSwiftPackageProductDependency;
			package = F18E29422BA7689400565D71 /* XCRemoteSwiftPackageReference "firebase-ios-sdk" */;
			productName = FirebaseAnalyticsOnDeviceConversion;
		};
		F17DD4BC2BB4ADCC00CF7871 /* FirebaseAnalyticsSwift */ = {
			isa = XCSwiftPackageProductDependency;
			package = F18E29422BA7689400565D71 /* XCRemoteSwiftPackageReference "firebase-ios-sdk" */;
			productName = FirebaseAnalyticsSwift;
		};
		F17DD4BE2BB4ADCC00CF7871 /* FirebaseAnalyticsWithoutAdIdSupport */ = {
			isa = XCSwiftPackageProductDependency;
			package = F18E29422BA7689400565D71 /* XCRemoteSwiftPackageReference "firebase-ios-sdk" */;
			productName = FirebaseAnalyticsWithoutAdIdSupport;
		};
		F17DD4C02BB4ADCC00CF7871 /* FirebaseAppCheck */ = {
			isa = XCSwiftPackageProductDependency;
			package = F18E29422BA7689400565D71 /* XCRemoteSwiftPackageReference "firebase-ios-sdk" */;
			productName = FirebaseAppCheck;
		};
		F17DD4C22BB4ADCC00CF7871 /* FirebaseAppDistribution-Beta */ = {
			isa = XCSwiftPackageProductDependency;
			package = F18E29422BA7689400565D71 /* XCRemoteSwiftPackageReference "firebase-ios-sdk" */;
			productName = "FirebaseAppDistribution-Beta";
		};
		F17DD4C42BB4ADCC00CF7871 /* FirebaseAuth */ = {
			isa = XCSwiftPackageProductDependency;
			package = F18E29422BA7689400565D71 /* XCRemoteSwiftPackageReference "firebase-ios-sdk" */;
			productName = FirebaseAuth;
		};
		F17DD4C62BB4ADCC00CF7871 /* FirebaseAuthCombine-Community */ = {
			isa = XCSwiftPackageProductDependency;
			package = F18E29422BA7689400565D71 /* XCRemoteSwiftPackageReference "firebase-ios-sdk" */;
			productName = "FirebaseAuthCombine-Community";
		};
		F17DD4C82BB4ADCC00CF7871 /* FirebaseCrashlytics */ = {
			isa = XCSwiftPackageProductDependency;
			package = F18E29422BA7689400565D71 /* XCRemoteSwiftPackageReference "firebase-ios-sdk" */;
			productName = FirebaseCrashlytics;
		};
		F17DD4CA2BB4ADCC00CF7871 /* FirebaseDatabase */ = {
			isa = XCSwiftPackageProductDependency;
			package = F18E29422BA7689400565D71 /* XCRemoteSwiftPackageReference "firebase-ios-sdk" */;
			productName = FirebaseDatabase;
		};
		F17DD4CC2BB4ADCC00CF7871 /* FirebaseDatabaseSwift */ = {
			isa = XCSwiftPackageProductDependency;
			package = F18E29422BA7689400565D71 /* XCRemoteSwiftPackageReference "firebase-ios-sdk" */;
			productName = FirebaseDatabaseSwift;
		};
		F17DD4CE2BB4ADCC00CF7871 /* FirebaseDynamicLinks */ = {
			isa = XCSwiftPackageProductDependency;
			package = F18E29422BA7689400565D71 /* XCRemoteSwiftPackageReference "firebase-ios-sdk" */;
			productName = FirebaseDynamicLinks;
		};
		F17DD4D02BB4ADCC00CF7871 /* FirebaseFirestore */ = {
			isa = XCSwiftPackageProductDependency;
			package = F18E29422BA7689400565D71 /* XCRemoteSwiftPackageReference "firebase-ios-sdk" */;
			productName = FirebaseFirestore;
		};
		F17DD4D22BB4ADCC00CF7871 /* FirebaseFirestoreCombine-Community */ = {
			isa = XCSwiftPackageProductDependency;
			package = F18E29422BA7689400565D71 /* XCRemoteSwiftPackageReference "firebase-ios-sdk" */;
			productName = "FirebaseFirestoreCombine-Community";
		};
		F17DD4D42BB4ADCC00CF7871 /* FirebaseFirestoreSwift */ = {
			isa = XCSwiftPackageProductDependency;
			package = F18E29422BA7689400565D71 /* XCRemoteSwiftPackageReference "firebase-ios-sdk" */;
			productName = FirebaseFirestoreSwift;
		};
		F17DD4D62BB4ADCC00CF7871 /* FirebaseFunctions */ = {
			isa = XCSwiftPackageProductDependency;
			package = F18E29422BA7689400565D71 /* XCRemoteSwiftPackageReference "firebase-ios-sdk" */;
			productName = FirebaseFunctions;
		};
		F17DD4D82BB4ADCC00CF7871 /* FirebaseFunctionsCombine-Community */ = {
			isa = XCSwiftPackageProductDependency;
			package = F18E29422BA7689400565D71 /* XCRemoteSwiftPackageReference "firebase-ios-sdk" */;
			productName = "FirebaseFunctionsCombine-Community";
		};
		F17DD4DA2BB4ADCC00CF7871 /* FirebaseInAppMessaging-Beta */ = {
			isa = XCSwiftPackageProductDependency;
			package = F18E29422BA7689400565D71 /* XCRemoteSwiftPackageReference "firebase-ios-sdk" */;
			productName = "FirebaseInAppMessaging-Beta";
		};
		F17DD4DC2BB4ADCC00CF7871 /* FirebaseInAppMessagingSwift-Beta */ = {
			isa = XCSwiftPackageProductDependency;
			package = F18E29422BA7689400565D71 /* XCRemoteSwiftPackageReference "firebase-ios-sdk" */;
			productName = "FirebaseInAppMessagingSwift-Beta";
		};
		F17DD4DE2BB4ADCC00CF7871 /* FirebaseInstallations */ = {
			isa = XCSwiftPackageProductDependency;
			package = F18E29422BA7689400565D71 /* XCRemoteSwiftPackageReference "firebase-ios-sdk" */;
			productName = FirebaseInstallations;
		};
		F17DD4E02BB4ADCC00CF7871 /* FirebaseMLModelDownloader */ = {
			isa = XCSwiftPackageProductDependency;
			package = F18E29422BA7689400565D71 /* XCRemoteSwiftPackageReference "firebase-ios-sdk" */;
			productName = FirebaseMLModelDownloader;
		};
		F17DD4E22BB4ADCC00CF7871 /* FirebaseMessaging */ = {
			isa = XCSwiftPackageProductDependency;
			package = F18E29422BA7689400565D71 /* XCRemoteSwiftPackageReference "firebase-ios-sdk" */;
			productName = FirebaseMessaging;
		};
		F17DD4E42BB4ADCC00CF7871 /* FirebasePerformance */ = {
			isa = XCSwiftPackageProductDependency;
			package = F18E29422BA7689400565D71 /* XCRemoteSwiftPackageReference "firebase-ios-sdk" */;
			productName = FirebasePerformance;
		};
		F17DD4E62BB4ADCC00CF7871 /* FirebaseRemoteConfig */ = {
			isa = XCSwiftPackageProductDependency;
			package = F18E29422BA7689400565D71 /* XCRemoteSwiftPackageReference "firebase-ios-sdk" */;
			productName = FirebaseRemoteConfig;
		};
		F17DD4E82BB4ADCC00CF7871 /* FirebaseRemoteConfigSwift */ = {
			isa = XCSwiftPackageProductDependency;
			package = F18E29422BA7689400565D71 /* XCRemoteSwiftPackageReference "firebase-ios-sdk" */;
			productName = FirebaseRemoteConfigSwift;
		};
		F17DD4EA2BB4ADCC00CF7871 /* FirebaseStorage */ = {
			isa = XCSwiftPackageProductDependency;
			package = F18E29422BA7689400565D71 /* XCRemoteSwiftPackageReference "firebase-ios-sdk" */;
			productName = FirebaseStorage;
		};
		F17DD4EC2BB4ADCC00CF7871 /* FirebaseStorageCombine-Community */ = {
			isa = XCSwiftPackageProductDependency;
			package = F18E29422BA7689400565D71 /* XCRemoteSwiftPackageReference "firebase-ios-sdk" */;
			productName = "FirebaseStorageCombine-Community";
		};
/* End XCSwiftPackageProductDependency section */
	};
	rootObject = F1A8C3E92BA6137C00977739 /* Project object */;
}
