// !$*UTF8*$!
{
	archiveVersion = 1;
	classes = {
	};
	objectVersion = 56;
	objects = {

/* Begin PBXBuildFile section */
		F115446A2BA9FD7500BE0C66 /* TabBarButton.swift in Sources */ = {isa = PBXBuildFile; fileRef = F11544692BA9FD7500BE0C66 /* TabBarButton.swift */; };
		F115446C2BA9FF3200BE0C66 /* CustomTabBar.swift in Sources */ = {isa = PBXBuildFile; fileRef = F115446B2BA9FF3200BE0C66 /* CustomTabBar.swift */; };
		F115446E2BAB51F500BE0C66 /* CustomTabsModel.swift in Sources */ = {isa = PBXBuildFile; fileRef = F115446D2BAB51F500BE0C66 /* CustomTabsModel.swift */; };
		F18E29412BA766B700565D71 /* GoogleService-Info.plist in Resources */ = {isa = PBXBuildFile; fileRef = F18E29402BA766B600565D71 /* GoogleService-Info.plist */; };
		F1A8C3F52BA6137C00977739 /* recycleApp.swift in Sources */ = {isa = PBXBuildFile; fileRef = F1A8C3F42BA6137C00977739 /* recycleApp.swift */; };
		F1A8C3F72BA6137C00977739 /* ContentView.swift in Sources */ = {isa = PBXBuildFile; fileRef = F1A8C3F62BA6137C00977739 /* ContentView.swift */; };
		F1A8C3F92BA6137E00977739 /* Assets.xcassets in Resources */ = {isa = PBXBuildFile; fileRef = F1A8C3F82BA6137E00977739 /* Assets.xcassets */; };
		F1A8C3FC2BA6137E00977739 /* Preview Assets.xcassets in Resources */ = {isa = PBXBuildFile; fileRef = F1A8C3FB2BA6137E00977739 /* Preview Assets.xcassets */; };
		F1A8C4082BA61D6300977739 /* Localizable.strings in Resources */ = {isa = PBXBuildFile; fileRef = F1A8C40A2BA61D6300977739 /* Localizable.strings */; };
		F1A8C40E2BA6265C00977739 /* logInScreen.swift in Sources */ = {isa = PBXBuildFile; fileRef = F1A8C40D2BA6265C00977739 /* logInScreen.swift */; };
		F1A8C4102BA6266A00977739 /* SignUpScreen.swift in Sources */ = {isa = PBXBuildFile; fileRef = F1A8C40F2BA6266A00977739 /* SignUpScreen.swift */; };
		F1A8C4122BA6268700977739 /* ProfileScreen.swift in Sources */ = {isa = PBXBuildFile; fileRef = F1A8C4112BA6268700977739 /* ProfileScreen.swift */; };
		F1A8C4142BA6269400977739 /* RewardScreen.swift in Sources */ = {isa = PBXBuildFile; fileRef = F1A8C4132BA6269400977739 /* RewardScreen.swift */; };
		F1A8C4162BA626A700977739 /* FeedScreen.swift in Sources */ = {isa = PBXBuildFile; fileRef = F1A8C4152BA626A700977739 /* FeedScreen.swift */; };
		F1A8C4182BA626B900977739 /* OrderScreen.swift in Sources */ = {isa = PBXBuildFile; fileRef = F1A8C4172BA626B900977739 /* OrderScreen.swift */; };
		F1A8C41A2BA626CF00977739 /* CompleteScreen.swift in Sources */ = {isa = PBXBuildFile; fileRef = F1A8C4192BA626CF00977739 /* CompleteScreen.swift */; };
		F1A8C41C2BA626D900977739 /* EditProfileScreen.swift in Sources */ = {isa = PBXBuildFile; fileRef = F1A8C41B2BA626D900977739 /* EditProfileScreen.swift */; };
		F1A8C41E2BA626E600977739 /* AboutUsScreen.swift in Sources */ = {isa = PBXBuildFile; fileRef = F1A8C41D2BA626E600977739 /* AboutUsScreen.swift */; };
		F1A8C4202BA6270000977739 /* DeleteAccountScreen.swift in Sources */ = {isa = PBXBuildFile; fileRef = F1A8C41F2BA6270000977739 /* DeleteAccountScreen.swift */; };
		F1B2D8612BAF39DB005B41AE /* OnBoardingCardView.swift in Sources */ = {isa = PBXBuildFile; fileRef = F1B2D8602BAF39DB005B41AE /* OnBoardingCardView.swift */; };
		F1B2D8A32BAF44C0005B41AE /* OnBoardingViews.swift in Sources */ = {isa = PBXBuildFile; fileRef = F1B2D8A22BAF44C0005B41AE /* OnBoardingViews.swift */; };
/* End PBXBuildFile section */

/* Begin PBXFileReference section */
		F11544692BA9FD7500BE0C66 /* TabBarButton.swift */ = {isa = PBXFileReference; lastKnownFileType = sourcecode.swift; path = TabBarButton.swift; sourceTree = "<group>"; };
		F115446B2BA9FF3200BE0C66 /* CustomTabBar.swift */ = {isa = PBXFileReference; lastKnownFileType = sourcecode.swift; path = CustomTabBar.swift; sourceTree = "<group>"; };
		F115446D2BAB51F500BE0C66 /* CustomTabsModel.swift */ = {isa = PBXFileReference; lastKnownFileType = sourcecode.swift; path = CustomTabsModel.swift; sourceTree = "<group>"; };
		F18E29402BA766B600565D71 /* GoogleService-Info.plist */ = {isa = PBXFileReference; fileEncoding = 4; lastKnownFileType = text.plist.xml; path = "GoogleService-Info.plist"; sourceTree = "<group>"; };
		F1A8C3F12BA6137C00977739 /* recycle.app */ = {isa = PBXFileReference; explicitFileType = wrapper.application; includeInIndex = 0; path = recycle.app; sourceTree = BUILT_PRODUCTS_DIR; };
		F1A8C3F42BA6137C00977739 /* recycleApp.swift */ = {isa = PBXFileReference; lastKnownFileType = sourcecode.swift; path = recycleApp.swift; sourceTree = "<group>"; };
		F1A8C3F62BA6137C00977739 /* ContentView.swift */ = {isa = PBXFileReference; lastKnownFileType = sourcecode.swift; path = ContentView.swift; sourceTree = "<group>"; };
		F1A8C3F82BA6137E00977739 /* Assets.xcassets */ = {isa = PBXFileReference; lastKnownFileType = folder.assetcatalog; path = Assets.xcassets; sourceTree = "<group>"; };
		F1A8C3FB2BA6137E00977739 /* Preview Assets.xcassets */ = {isa = PBXFileReference; lastKnownFileType = folder.assetcatalog; path = "Preview Assets.xcassets"; sourceTree = "<group>"; };
		F1A8C4092BA61D6300977739 /* en */ = {isa = PBXFileReference; lastKnownFileType = text.plist.strings; name = en; path = en.lproj/Localizable.strings; sourceTree = "<group>"; };
		F1A8C40B2BA61D6500977739 /* ar */ = {isa = PBXFileReference; lastKnownFileType = text.plist.strings; name = ar; path = ar.lproj/Localizable.strings; sourceTree = "<group>"; };
		F1A8C40C2BA6260900977739 /* readme.md */ = {isa = PBXFileReference; lastKnownFileType = net.daringfireball.markdown; path = readme.md; sourceTree = "<group>"; };
		F1A8C40D2BA6265C00977739 /* logInScreen.swift */ = {isa = PBXFileReference; lastKnownFileType = sourcecode.swift; path = logInScreen.swift; sourceTree = "<group>"; };
		F1A8C40F2BA6266A00977739 /* SignUpScreen.swift */ = {isa = PBXFileReference; lastKnownFileType = sourcecode.swift; path = SignUpScreen.swift; sourceTree = "<group>"; };
		F1A8C4112BA6268700977739 /* ProfileScreen.swift */ = {isa = PBXFileReference; lastKnownFileType = sourcecode.swift; path = ProfileScreen.swift; sourceTree = "<group>"; };
		F1A8C4132BA6269400977739 /* RewardScreen.swift */ = {isa = PBXFileReference; lastKnownFileType = sourcecode.swift; path = RewardScreen.swift; sourceTree = "<group>"; };
		F1A8C4152BA626A700977739 /* FeedScreen.swift */ = {isa = PBXFileReference; lastKnownFileType = sourcecode.swift; path = FeedScreen.swift; sourceTree = "<group>"; };
		F1A8C4172BA626B900977739 /* OrderScreen.swift */ = {isa = PBXFileReference; lastKnownFileType = sourcecode.swift; path = OrderScreen.swift; sourceTree = "<group>"; };
		F1A8C4192BA626CF00977739 /* CompleteScreen.swift */ = {isa = PBXFileReference; lastKnownFileType = sourcecode.swift; path = CompleteScreen.swift; sourceTree = "<group>"; };
		F1A8C41B2BA626D900977739 /* EditProfileScreen.swift */ = {isa = PBXFileReference; lastKnownFileType = sourcecode.swift; path = EditProfileScreen.swift; sourceTree = "<group>"; };
		F1A8C41D2BA626E600977739 /* AboutUsScreen.swift */ = {isa = PBXFileReference; lastKnownFileType = sourcecode.swift; path = AboutUsScreen.swift; sourceTree = "<group>"; };
		F1A8C41F2BA6270000977739 /* DeleteAccountScreen.swift */ = {isa = PBXFileReference; lastKnownFileType = sourcecode.swift; path = DeleteAccountScreen.swift; sourceTree = "<group>"; };
		F1B2D8602BAF39DB005B41AE /* OnBoardingCardView.swift */ = {isa = PBXFileReference; lastKnownFileType = sourcecode.swift; path = OnBoardingCardView.swift; sourceTree = "<group>"; };
		F1B2D8A22BAF44C0005B41AE /* OnBoardingViews.swift */ = {isa = PBXFileReference; lastKnownFileType = sourcecode.swift; path = OnBoardingViews.swift; sourceTree = "<group>"; };
/* End PBXFileReference section */

/* Begin PBXFrameworksBuildPhase section */
		F1A8C3EE2BA6137C00977739 /* Frameworks */ = {
			isa = PBXFrameworksBuildPhase;
			buildActionMask = 2147483647;
			files = (
			);
			runOnlyForDeploymentPostprocessing = 0;
		};
/* End PBXFrameworksBuildPhase section */

/* Begin PBXGroup section */
		F11544682BA9FD6000BE0C66 /* Custom Tab Bar */ = {
			isa = PBXGroup;
			children = (
				F11544692BA9FD7500BE0C66 /* TabBarButton.swift */,
				F115446B2BA9FF3200BE0C66 /* CustomTabBar.swift */,
			);
			path = "Custom Tab Bar";
			sourceTree = "<group>";
		};
		F1A8C3E82BA6137C00977739 = {
			isa = PBXGroup;
			children = (
				F1A8C3F32BA6137C00977739 /* recycle */,
				F1A8C3F22BA6137C00977739 /* Products */,
			);
			sourceTree = "<group>";
		};
		F1A8C3F22BA6137C00977739 /* Products */ = {
			isa = PBXGroup;
			children = (
				F1A8C3F12BA6137C00977739 /* recycle.app */,
			);
			name = Products;
			sourceTree = "<group>";
		};
		F1A8C3F32BA6137C00977739 /* recycle */ = {
			isa = PBXGroup;
			children = (
				F1A8C40C2BA6260900977739 /* readme.md */,
				F18E29402BA766B600565D71 /* GoogleService-Info.plist */,
				F1A8C4052BA61A5B00977739 /* Screens */,
				F1A8C4042BA613B800977739 /* Views */,
				F1A8C4032BA6139B00977739 /* Model */,
				F1A8C4022BA6139200977739 /* Store */,
				F1A8C3F42BA6137C00977739 /* recycleApp.swift */,
				F1A8C3F62BA6137C00977739 /* ContentView.swift */,
				F1A8C40A2BA61D6300977739 /* Localizable.strings */,
				F1A8C3F82BA6137E00977739 /* Assets.xcassets */,
				F1A8C3FA2BA6137E00977739 /* Preview Content */,
			);
			path = recycle;
			sourceTree = "<group>";
		};
		F1A8C3FA2BA6137E00977739 /* Preview Content */ = {
			isa = PBXGroup;
			children = (
				F1A8C3FB2BA6137E00977739 /* Preview Assets.xcassets */,
			);
			path = "Preview Content";
			sourceTree = "<group>";
		};
		F1A8C4022BA6139200977739 /* Store */ = {
			isa = PBXGroup;
			children = (
			);
			path = Store;
			sourceTree = "<group>";
		};
		F1A8C4032BA6139B00977739 /* Model */ = {
			isa = PBXGroup;
			children = (
				F115446D2BAB51F500BE0C66 /* CustomTabsModel.swift */,
			);
			path = Model;
			sourceTree = "<group>";
		};
		F1A8C4042BA613B800977739 /* Views */ = {
			isa = PBXGroup;
			children = (
				F1B2D85F2BAF397E005B41AE /* onBoarding */,
				F11544682BA9FD6000BE0C66 /* Custom Tab Bar */,
			);
			path = Views;
			sourceTree = "<group>";
		};
		F1A8C4052BA61A5B00977739 /* Screens */ = {
			isa = PBXGroup;
			children = (
				F1A8C40D2BA6265C00977739 /* logInScreen.swift */,
				F1A8C4192BA626CF00977739 /* CompleteScreen.swift */,
				F1A8C40F2BA6266A00977739 /* SignUpScreen.swift */,
				F1A8C4112BA6268700977739 /* ProfileScreen.swift */,
				F1A8C4132BA6269400977739 /* RewardScreen.swift */,
				F1A8C4152BA626A700977739 /* FeedScreen.swift */,
				F1A8C4172BA626B900977739 /* OrderScreen.swift */,
				F1A8C41B2BA626D900977739 /* EditProfileScreen.swift */,
				F1A8C41D2BA626E600977739 /* AboutUsScreen.swift */,
				F1A8C41F2BA6270000977739 /* DeleteAccountScreen.swift */,
			);
			path = Screens;
			sourceTree = "<group>";
		};
		F1B2D85F2BAF397E005B41AE /* onBoarding */ = {
			isa = PBXGroup;
			children = (
				F1B2D8602BAF39DB005B41AE /* OnBoardingCardView.swift */,
				F1B2D8A22BAF44C0005B41AE /* OnBoardingViews.swift */,
			);
			path = onBoarding;
			sourceTree = "<group>";
		};
/* End PBXGroup section */

/* Begin PBXNativeTarget section */
		F1A8C3F02BA6137C00977739 /* recycle */ = {
			isa = PBXNativeTarget;
			buildConfigurationList = F1A8C3FF2BA6137E00977739 /* Build configuration list for PBXNativeTarget "recycle" */;
			buildPhases = (
				F1A8C3ED2BA6137C00977739 /* Sources */,
				F1A8C3EE2BA6137C00977739 /* Frameworks */,
				F1A8C3EF2BA6137C00977739 /* Resources */,
			);
			buildRules = (
			);
			dependencies = (
			);
			name = recycle;
			packageProductDependencies = (
			);
			productName = recycle;
			productReference = F1A8C3F12BA6137C00977739 /* recycle.app */;
			productType = "com.apple.product-type.application";
		};
/* End PBXNativeTarget section */

/* Begin PBXProject section */
		F1A8C3E92BA6137C00977739 /* Project object */ = {
			isa = PBXProject;
			attributes = {
				BuildIndependentTargetsInParallel = 1;
				LastSwiftUpdateCheck = 1520;
				LastUpgradeCheck = 1520;
				TargetAttributes = {
					F1A8C3F02BA6137C00977739 = {
						CreatedOnToolsVersion = 15.2;
					};
				};
			};
			buildConfigurationList = F1A8C3EC2BA6137C00977739 /* Build configuration list for PBXProject "recycle" */;
			compatibilityVersion = "Xcode 14.0";
			developmentRegion = en;
			hasScannedForEncodings = 0;
			knownRegions = (
				en,
				Base,
				ar,
			);
			mainGroup = F1A8C3E82BA6137C00977739;
			packageReferences = (
				F18E29422BA7689400565D71 /* XCRemoteSwiftPackageReference "firebase-ios-sdk" */,
			);
			productRefGroup = F1A8C3F22BA6137C00977739 /* Products */;
			projectDirPath = "";
			projectRoot = "";
			targets = (
				F1A8C3F02BA6137C00977739 /* recycle */,
			);
		};
/* End PBXProject section */

/* Begin PBXResourcesBuildPhase section */
		F1A8C3EF2BA6137C00977739 /* Resources */ = {
			isa = PBXResourcesBuildPhase;
			buildActionMask = 2147483647;
			files = (
				F1A8C3FC2BA6137E00977739 /* Preview Assets.xcassets in Resources */,
				F18E29412BA766B700565D71 /* GoogleService-Info.plist in Resources */,
				F1A8C4082BA61D6300977739 /* Localizable.strings in Resources */,
				F1A8C3F92BA6137E00977739 /* Assets.xcassets in Resources */,
			);
			runOnlyForDeploymentPostprocessing = 0;
		};
/* End PBXResourcesBuildPhase section */

/* Begin PBXSourcesBuildPhase section */
		F1A8C3ED2BA6137C00977739 /* Sources */ = {
			isa = PBXSourcesBuildPhase;
			buildActionMask = 2147483647;
			files = (
				F1A8C4182BA626B900977739 /* OrderScreen.swift in Sources */,
				F1A8C41E2BA626E600977739 /* AboutUsScreen.swift in Sources */,
				F115446C2BA9FF3200BE0C66 /* CustomTabBar.swift in Sources */,
				F1A8C4142BA6269400977739 /* RewardScreen.swift in Sources */,
				F115446A2BA9FD7500BE0C66 /* TabBarButton.swift in Sources */,
				F1A8C41A2BA626CF00977739 /* CompleteScreen.swift in Sources */,
				F1A8C3F72BA6137C00977739 /* ContentView.swift in Sources */,
				F115446E2BAB51F500BE0C66 /* CustomTabsModel.swift in Sources */,
				F1A8C3F52BA6137C00977739 /* recycleApp.swift in Sources */,
				F1A8C41C2BA626D900977739 /* EditProfileScreen.swift in Sources */,
				F1A8C4162BA626A700977739 /* FeedScreen.swift in Sources */,
				F1A8C4202BA6270000977739 /* DeleteAccountScreen.swift in Sources */,
				F1A8C40E2BA6265C00977739 /* logInScreen.swift in Sources */,
				F1B2D8612BAF39DB005B41AE /* OnBoardingCardView.swift in Sources */,
				F1A8C4102BA6266A00977739 /* SignUpScreen.swift in Sources */,
				F1A8C4122BA6268700977739 /* ProfileScreen.swift in Sources */,
				F1B2D8A32BAF44C0005B41AE /* OnBoardingViews.swift in Sources */,
			);
			runOnlyForDeploymentPostprocessing = 0;
		};
/* End PBXSourcesBuildPhase section */

/* Begin PBXVariantGroup section */
		F1A8C40A2BA61D6300977739 /* Localizable.strings */ = {
			isa = PBXVariantGroup;
			children = (
				F1A8C4092BA61D6300977739 /* en */,
				F1A8C40B2BA61D6500977739 /* ar */,
			);
			name = Localizable.strings;
			sourceTree = "<group>";
		};
/* End PBXVariantGroup section */

/* Begin XCBuildConfiguration section */
		F1A8C3FD2BA6137E00977739 /* Debug */ = {
			isa = XCBuildConfiguration;
			buildSettings = {
				ALWAYS_SEARCH_USER_PATHS = NO;
				ASSETCATALOG_COMPILER_GENERATE_SWIFT_ASSET_SYMBOL_EXTENSIONS = YES;
				CLANG_ANALYZER_NONNULL = YES;
				CLANG_ANALYZER_NUMBER_OBJECT_CONVERSION = YES_AGGRESSIVE;
				CLANG_CXX_LANGUAGE_STANDARD = "gnu++20";
				CLANG_ENABLE_MODULES = YES;
				CLANG_ENABLE_OBJC_ARC = YES;
				CLANG_ENABLE_OBJC_WEAK = YES;
				CLANG_WARN_BLOCK_CAPTURE_AUTORELEASING = YES;
				CLANG_WARN_BOOL_CONVERSION = YES;
				CLANG_WARN_COMMA = YES;
				CLANG_WARN_CONSTANT_CONVERSION = YES;
				CLANG_WARN_DEPRECATED_OBJC_IMPLEMENTATIONS = YES;
				CLANG_WARN_DIRECT_OBJC_ISA_USAGE = YES_ERROR;
				CLANG_WARN_DOCUMENTATION_COMMENTS = YES;
				CLANG_WARN_EMPTY_BODY = YES;
				CLANG_WARN_ENUM_CONVERSION = YES;
				CLANG_WARN_INFINITE_RECURSION = YES;
				CLANG_WARN_INT_CONVERSION = YES;
				CLANG_WARN_NON_LITERAL_NULL_CONVERSION = YES;
				CLANG_WARN_OBJC_IMPLICIT_RETAIN_SELF = YES;
				CLANG_WARN_OBJC_LITERAL_CONVERSION = YES;
				CLANG_WARN_OBJC_ROOT_CLASS = YES_ERROR;
				CLANG_WARN_QUOTED_INCLUDE_IN_FRAMEWORK_HEADER = YES;
				CLANG_WARN_RANGE_LOOP_ANALYSIS = YES;
				CLANG_WARN_STRICT_PROTOTYPES = YES;
				CLANG_WARN_SUSPICIOUS_MOVE = YES;
				CLANG_WARN_UNGUARDED_AVAILABILITY = YES_AGGRESSIVE;
				CLANG_WARN_UNREACHABLE_CODE = YES;
				CLANG_WARN__DUPLICATE_METHOD_MATCH = YES;
				COPY_PHASE_STRIP = NO;
				DEBUG_INFORMATION_FORMAT = dwarf;
				ENABLE_STRICT_OBJC_MSGSEND = YES;
				ENABLE_TESTABILITY = YES;
				ENABLE_USER_SCRIPT_SANDBOXING = YES;
				GCC_C_LANGUAGE_STANDARD = gnu17;
				GCC_DYNAMIC_NO_PIC = NO;
				GCC_NO_COMMON_BLOCKS = YES;
				GCC_OPTIMIZATION_LEVEL = 0;
				GCC_PREPROCESSOR_DEFINITIONS = (
					"DEBUG=1",
					"$(inherited)",
				);
				GCC_WARN_64_TO_32_BIT_CONVERSION = YES;
				GCC_WARN_ABOUT_RETURN_TYPE = YES_ERROR;
				GCC_WARN_UNDECLARED_SELECTOR = YES;
				GCC_WARN_UNINITIALIZED_AUTOS = YES_AGGRESSIVE;
				GCC_WARN_UNUSED_FUNCTION = YES;
				GCC_WARN_UNUSED_VARIABLE = YES;
				IPHONEOS_DEPLOYMENT_TARGET = 17.2;
				LOCALIZATION_PREFERS_STRING_CATALOGS = YES;
				MTL_ENABLE_DEBUG_INFO = INCLUDE_SOURCE;
				MTL_FAST_MATH = YES;
				ONLY_ACTIVE_ARCH = YES;
				SDKROOT = iphoneos;
				SWIFT_ACTIVE_COMPILATION_CONDITIONS = "DEBUG $(inherited)";
				SWIFT_OPTIMIZATION_LEVEL = "-Onone";
			};
			name = Debug;
		};
		F1A8C3FE2BA6137E00977739 /* Release */ = {
			isa = XCBuildConfiguration;
			buildSettings = {
				ALWAYS_SEARCH_USER_PATHS = NO;
				ASSETCATALOG_COMPILER_GENERATE_SWIFT_ASSET_SYMBOL_EXTENSIONS = YES;
				CLANG_ANALYZER_NONNULL = YES;
				CLANG_ANALYZER_NUMBER_OBJECT_CONVERSION = YES_AGGRESSIVE;
				CLANG_CXX_LANGUAGE_STANDARD = "gnu++20";
				CLANG_ENABLE_MODULES = YES;
				CLANG_ENABLE_OBJC_ARC = YES;
				CLANG_ENABLE_OBJC_WEAK = YES;
				CLANG_WARN_BLOCK_CAPTURE_AUTORELEASING = YES;
				CLANG_WARN_BOOL_CONVERSION = YES;
				CLANG_WARN_COMMA = YES;
				CLANG_WARN_CONSTANT_CONVERSION = YES;
				CLANG_WARN_DEPRECATED_OBJC_IMPLEMENTATIONS = YES;
				CLANG_WARN_DIRECT_OBJC_ISA_USAGE = YES_ERROR;
				CLANG_WARN_DOCUMENTATION_COMMENTS = YES;
				CLANG_WARN_EMPTY_BODY = YES;
				CLANG_WARN_ENUM_CONVERSION = YES;
				CLANG_WARN_INFINITE_RECURSION = YES;
				CLANG_WARN_INT_CONVERSION = YES;
				CLANG_WARN_NON_LITERAL_NULL_CONVERSION = YES;
				CLANG_WARN_OBJC_IMPLICIT_RETAIN_SELF = YES;
				CLANG_WARN_OBJC_LITERAL_CONVERSION = YES;
				CLANG_WARN_OBJC_ROOT_CLASS = YES_ERROR;
				CLANG_WARN_QUOTED_INCLUDE_IN_FRAMEWORK_HEADER = YES;
				CLANG_WARN_RANGE_LOOP_ANALYSIS = YES;
				CLANG_WARN_STRICT_PROTOTYPES = YES;
				CLANG_WARN_SUSPICIOUS_MOVE = YES;
				CLANG_WARN_UNGUARDED_AVAILABILITY = YES_AGGRESSIVE;
				CLANG_WARN_UNREACHABLE_CODE = YES;
				CLANG_WARN__DUPLICATE_METHOD_MATCH = YES;
				COPY_PHASE_STRIP = NO;
				DEBUG_INFORMATION_FORMAT = "dwarf-with-dsym";
				ENABLE_NS_ASSERTIONS = NO;
				ENABLE_STRICT_OBJC_MSGSEND = YES;
				ENABLE_USER_SCRIPT_SANDBOXING = YES;
				GCC_C_LANGUAGE_STANDARD = gnu17;
				GCC_NO_COMMON_BLOCKS = YES;
				GCC_WARN_64_TO_32_BIT_CONVERSION = YES;
				GCC_WARN_ABOUT_RETURN_TYPE = YES_ERROR;
				GCC_WARN_UNDECLARED_SELECTOR = YES;
				GCC_WARN_UNINITIALIZED_AUTOS = YES_AGGRESSIVE;
				GCC_WARN_UNUSED_FUNCTION = YES;
				GCC_WARN_UNUSED_VARIABLE = YES;
				IPHONEOS_DEPLOYMENT_TARGET = 17.2;
				LOCALIZATION_PREFERS_STRING_CATALOGS = YES;
				MTL_ENABLE_DEBUG_INFO = NO;
				MTL_FAST_MATH = YES;
				SDKROOT = iphoneos;
				SWIFT_COMPILATION_MODE = wholemodule;
				VALIDATE_PRODUCT = YES;
			};
			name = Release;
		};
		F1A8C4002BA6137E00977739 /* Debug */ = {
			isa = XCBuildConfiguration;
			buildSettings = {
				ASSETCATALOG_COMPILER_APPICON_NAME = AppIcon;
				ASSETCATALOG_COMPILER_GLOBAL_ACCENT_COLOR_NAME = AccentColor;
				CODE_SIGN_STYLE = Automatic;
				CURRENT_PROJECT_VERSION = 1;
				DEVELOPMENT_ASSET_PATHS = "\"recycle/Preview Content\"";
				DEVELOPMENT_TEAM = Q798B7356U;
				ENABLE_PREVIEWS = YES;
				GENERATE_INFOPLIST_FILE = YES;
				INFOPLIST_KEY_UIApplicationSceneManifest_Generation = YES;
				INFOPLIST_KEY_UIApplicationSupportsIndirectInputEvents = YES;
				INFOPLIST_KEY_UILaunchScreen_Generation = YES;
				INFOPLIST_KEY_UISupportedInterfaceOrientations = UIInterfaceOrientationPortrait;
				IPHONEOS_DEPLOYMENT_TARGET = 16.0;
				LD_RUNPATH_SEARCH_PATHS = (
					"$(inherited)",
					"@executable_path/Frameworks",
				);
				MARKETING_VERSION = 1.0;
				PRODUCT_BUNDLE_IDENTIFIER = com.uni.recycle;
				PRODUCT_NAME = "$(TARGET_NAME)";
				SWIFT_EMIT_LOC_STRINGS = YES;
				SWIFT_VERSION = 5.0;
				TARGETED_DEVICE_FAMILY = "1,2";
			};
			name = Debug;
		};
		F1A8C4012BA6137E00977739 /* Release */ = {
			isa = XCBuildConfiguration;
			buildSettings = {
				ASSETCATALOG_COMPILER_APPICON_NAME = AppIcon;
				ASSETCATALOG_COMPILER_GLOBAL_ACCENT_COLOR_NAME = AccentColor;
				CODE_SIGN_STYLE = Automatic;
				CURRENT_PROJECT_VERSION = 1;
				DEVELOPMENT_ASSET_PATHS = "\"recycle/Preview Content\"";
				DEVELOPMENT_TEAM = Q798B7356U;
				ENABLE_PREVIEWS = YES;
				GENERATE_INFOPLIST_FILE = YES;
				INFOPLIST_KEY_UIApplicationSceneManifest_Generation = YES;
				INFOPLIST_KEY_UIApplicationSupportsIndirectInputEvents = YES;
				INFOPLIST_KEY_UILaunchScreen_Generation = YES;
				INFOPLIST_KEY_UISupportedInterfaceOrientations = UIInterfaceOrientationPortrait;
				IPHONEOS_DEPLOYMENT_TARGET = 16.0;
				LD_RUNPATH_SEARCH_PATHS = (
					"$(inherited)",
					"@executable_path/Frameworks",
				);
				MARKETING_VERSION = 1.0;
				PRODUCT_BUNDLE_IDENTIFIER = com.uni.recycle;
				PRODUCT_NAME = "$(TARGET_NAME)";
				SWIFT_EMIT_LOC_STRINGS = YES;
				SWIFT_VERSION = 5.0;
				TARGETED_DEVICE_FAMILY = "1,2";
			};
			name = Release;
		};
/* End XCBuildConfiguration section */

/* Begin XCConfigurationList section */
		F1A8C3EC2BA6137C00977739 /* Build configuration list for PBXProject "recycle" */ = {
			isa = XCConfigurationList;
			buildConfigurations = (
				F1A8C3FD2BA6137E00977739 /* Debug */,
				F1A8C3FE2BA6137E00977739 /* Release */,
			);
			defaultConfigurationIsVisible = 0;
			defaultConfigurationName = Release;
		};
		F1A8C3FF2BA6137E00977739 /* Build configuration list for PBXNativeTarget "recycle" */ = {
			isa = XCConfigurationList;
			buildConfigurations = (
				F1A8C4002BA6137E00977739 /* Debug */,
				F1A8C4012BA6137E00977739 /* Release */,
			);
			defaultConfigurationIsVisible = 0;
			defaultConfigurationName = Release;
		};
/* End XCConfigurationList section */

/* Begin XCRemoteSwiftPackageReference section */
		F18E29422BA7689400565D71 /* XCRemoteSwiftPackageReference "firebase-ios-sdk" */ = {
			isa = XCRemoteSwiftPackageReference;
			repositoryURL = "https://github.com/firebase/firebase-ios-sdk.git";
			requirement = {
				kind = upToNextMajorVersion;
				minimumVersion = 10.22.1;
			};
		};
/* End XCRemoteSwiftPackageReference section */
	};
	rootObject = F1A8C3E92BA6137C00977739 /* Project object */;
}
